
Microsoft Visual Studio Solution File, Format Version 12.00
# Visual Studio 15
VisualStudioVersion = 15.0.26430.16
MinimumVisualStudioVersion = 10.0.40219.1
Project("{FAE04EC0-301F-11D3-BF4B-00C04F79EFBC}") = "PointOfSale", "Pos\PointOfSale.csproj", "{C9B1BD57-E5DB-42C1-B488-19F689FCD4F2}"
EndProject
Project("{FAE04EC0-301F-11D3-BF4B-00C04F79EFBC}") = "POS.Invoices", "..\Libraries\Plugins\POS.Invoices\POS.Invoices.csproj", "{39B467CF-C3F3-447A-A7DA-59617388D26B}"
EndProject
Project("{FAE04EC0-301F-11D3-BF4B-00C04F79EFBC}") = "POS.Orders", "..\Libraries\Plugins\POS.Orders\POS.Orders.csproj", "{A88AFF3F-23A2-4EC6-888C-702FD206A089}"
EndProject
Project("{FAE04EC0-301F-11D3-BF4B-00C04F79EFBC}") = "POS.Customers", "..\Libraries\Plugins\POS.Customers\POS.Customers.csproj", "{355CC0CC-F8C4-4DC3-BA68-36EAFE2F10C6}"
EndProject
Project("{FAE04EC0-301F-11D3-BF4B-00C04F79EFBC}") = "POS.Debug", "..\Libraries\Plugins\POS.Debug\POS.Debug.csproj", "{F04598A2-3E23-4369-B1FE-9E35B93D4442}"
EndProject
Project("{FAE04EC0-301F-11D3-BF4B-00C04F79EFBC}") = "POS.Diary", "..\Libraries\Plugins\POS.Diary\POS.Diary.csproj", "{B24A35E4-48FE-4707-8004-21B93750192E}"
EndProject
Project("{FAE04EC0-301F-11D3-BF4B-00C04F79EFBC}") = "POS.Export", "..\Libraries\Plugins\POS.Export\POS.Export.csproj", "{E5CCFD42-130E-430F-8115-3BA7556408CF}"
EndProject
Project("{FAE04EC0-301F-11D3-BF4B-00C04F79EFBC}") = "POS.HelpDesk", "..\Libraries\Plugins\POS.HelpDesk\POS.HelpDesk.csproj", "{793F5440-094B-414B-8F18-25DF66C182C5}"
EndProject
Project("{FAE04EC0-301F-11D3-BF4B-00C04F79EFBC}") = "POS.StockControl", "..\Libraries\Plugins\POS.StockControl\POS.StockControl.csproj", "{D8A435C1-224E-40C9-877E-1F1B202FB160}"
EndProject
Project("{FAE04EC0-301F-11D3-BF4B-00C04F79EFBC}") = "POS.Images", "..\Libraries\Plugins\POS.UpdateImages\POS.Images.csproj", "{96361402-A599-42F2-8A14-9A3271813E85}"
EndProject
Project("{FAE04EC0-301F-11D3-BF4B-00C04F79EFBC}") = "POS.VoucherManagement", "..\Libraries\Plugins\POS.VoucherManagement\POS.VoucherManagement.csproj", "{554BAEF6-AE0C-4FB8-BEA8-54711EDF62A9}"
EndProject
Project("{FAE04EC0-301F-11D3-BF4B-00C04F79EFBC}") = "POS.WebsiteAdministration", "..\Libraries\Plugins\POS.WebsiteAdministration\POS.WebsiteAdministration.csproj", "{5FB6C52B-21D2-4D63-BA4D-53FF6FD5ED18}"
EndProject
Project("{FAE04EC0-301F-11D3-BF4B-00C04F79EFBC}") = "POS.Updater", "..\Libraries\Plugins\POS.Updater\POS.Updater.csproj", "{FC1A3C9B-BF36-4EB7-B216-4CAAF53056B4}"
EndProject
Project("{FAE04EC0-301F-11D3-BF4B-00C04F79EFBC}") = "POS.Marketing", "..\Libraries\Plugins\POS.Marketing\POS.Marketing.csproj", "{F8A5FAF3-7CE1-4EC6-96E0-2B8229C29734}"
EndProject
Project("{FAE04EC0-301F-11D3-BF4B-00C04F79EFBC}") = "POS.Till", "..\Libraries\Plugins\POS.Till\POS.Till.csproj", "{63EB617C-2160-494D-BE94-4FCBDF5A1689}"
EndProject
Project("{FAE04EC0-301F-11D3-BF4B-00C04F79EFBC}") = "POS.TrainingSchedule", "..\Libraries\Plugins\POS.TrainingSchedule\POS.TrainingSchedule.csproj", "{A1C737AD-9B3C-4FC5-A334-E4C3F7C94CDC}"
EndProject
Project("{FAE04EC0-301F-11D3-BF4B-00C04F79EFBC}") = "POS.FileBackup", "..\Libraries\Plugins\POS.FileBackup\POS.FileBackup.csproj", "{0AA3043C-EC79-4F13-8252-96D21E6DD4F3}"
EndProject
Project("{FAE04EC0-301F-11D3-BF4B-00C04F79EFBC}") = "POS.Staff", "..\Libraries\Plugins\POS.Staff\POS.Staff.csproj", "{9FF6D23F-0160-4767-9438-A1A8754F9615}"
EndProject
Project("{FAE04EC0-301F-11D3-BF4B-00C04F79EFBC}") = "POS.Administration", "..\Libraries\Plugins\POS.Administration\POS.Administration.csproj", "{39291690-C166-46B2-B533-FA6A176A1C77}"
EndProject
Project("{FAE04EC0-301F-11D3-BF4B-00C04F79EFBC}") = "POS.AutoUpdate", "..\Libraries\Plugins\POS.AutoUpdate\POS.AutoUpdate.csproj", "{3C40E1AD-6E45-4763-9D47-9F7CD3E9C07A}"
EndProject
Project("{FAE04EC0-301F-11D3-BF4B-00C04F79EFBC}") = "POS.CashManager", "..\Libraries\Plugins\POS.Cash\POS.CashManager.csproj", "{F6A4581A-ED72-4E9C-8A99-7A4D6A75A497}"
EndProject
Project("{FAE04EC0-301F-11D3-BF4B-00C04F79EFBC}") = "POS.DatabaseBackup", "..\Libraries\Plugins\POS.DatabaseBackup\POS.DatabaseBackup.csproj", "{1A1163A4-2C53-44A8-AF13-3CEA0624E572}"
EndProject
Project("{FAE04EC0-301F-11D3-BF4B-00C04F79EFBC}") = "POS", "..\Libraries\POS\POS.csproj", "{C5EA121E-69B3-499D-ACDE-C6DFD9779B73}"
EndProject
Project("{FAE04EC0-301F-11D3-BF4B-00C04F79EFBC}") = "SharedBase", "..\Libraries\Library\SharedBase.csproj", "{3444F493-5CBE-4D67-8BC9-1184E486C7E7}"
EndProject
Project("{FAE04EC0-301F-11D3-BF4B-00C04F79EFBC}") = "Reports", "..\Libraries\Reports\Reports.csproj", "{74DCE6C6-8044-438D-B16A-B01ADD05ADD0}"
EndProject
Project("{FAE04EC0-301F-11D3-BF4B-00C04F79EFBC}") = "SalonDiary", "..\Libraries\SalonDiary\SalonDiary.csproj", "{FB4558AA-3653-4281-999B-D78D99F23437}"
EndProject
Project("{FAE04EC0-301F-11D3-BF4B-00C04F79EFBC}") = "POS.CurrencyWatch", "..\Libraries\Plugins\POS.CurrencyWatch\POS.CurrencyWatch.csproj", "{C2FCE2B7-4922-4314-88EB-9F32DBD9BCA3}"
EndProject
Project("{FAE04EC0-301F-11D3-BF4B-00C04F79EFBC}") = "POS.Accounts", "..\Libraries\Plugins\POS.Accounts\POS.Accounts.csproj", "{C2FCE2B7-4922-4314-88EB-9F32DAD9BCA3}"
EndProject
Project("{FAE04EC0-301F-11D3-BF4B-00C04F79EFBC}") = "POS.Suppliers", "..\Libraries\Plugins\POS.Suppliers\POS.Suppliers.csproj", "{DFAAC3E9-7D98-472F-B68F-753EEDC45807}"
EndProject
Project("{FAE04EC0-301F-11D3-BF4B-00C04F79EFBC}") = "POS.PurchaseOrders", "..\Libraries\Plugins\POS.PurchaseOrders\POS.PurchaseOrders.csproj", "{7B620B38-0AF7-4EF6-AE15-9FC36609C2D7}"
EndProject
Global
	GlobalSection(SolutionConfigurationPlatforms) = preSolution
		Debug Release|Any CPU = Debug Release|Any CPU
		Debug Release|Mixed Platforms = Debug Release|Mixed Platforms
		Debug Release|x86 = Debug Release|x86
		Debug|Any CPU = Debug|Any CPU
		Debug|Mixed Platforms = Debug|Mixed Platforms
		Debug|x86 = Debug|x86
		Release_40|Any CPU = Release_40|Any CPU
		Release_40|Mixed Platforms = Release_40|Mixed Platforms
		Release_40|x86 = Release_40|x86
		Release_45|Any CPU = Release_45|Any CPU
		Release_45|Mixed Platforms = Release_45|Mixed Platforms
		Release_45|x86 = Release_45|x86
		Release_Mono_w_Linux|Any CPU = Release_Mono_w_Linux|Any CPU
		Release_Mono_w_Linux|Mixed Platforms = Release_Mono_w_Linux|Mixed Platforms
		Release_Mono_w_Linux|x86 = Release_Mono_w_Linux|x86
		Release|Any CPU = Release|Any CPU
		Release|Mixed Platforms = Release|Mixed Platforms
		Release|x86 = Release|x86
	EndGlobalSection
	GlobalSection(ProjectConfigurationPlatforms) = postSolution
		{C9B1BD57-E5DB-42C1-B488-19F689FCD4F2}.Debug Release|Any CPU.ActiveCfg = Release|x86
		{C9B1BD57-E5DB-42C1-B488-19F689FCD4F2}.Debug Release|Mixed Platforms.ActiveCfg = Release|x86
		{C9B1BD57-E5DB-42C1-B488-19F689FCD4F2}.Debug Release|Mixed Platforms.Build.0 = Release|x86
		{C9B1BD57-E5DB-42C1-B488-19F689FCD4F2}.Debug Release|x86.ActiveCfg = Release|x86
		{C9B1BD57-E5DB-42C1-B488-19F689FCD4F2}.Debug Release|x86.Build.0 = Release|x86
		{C9B1BD57-E5DB-42C1-B488-19F689FCD4F2}.Debug|Any CPU.ActiveCfg = Debug|Any CPU
		{C9B1BD57-E5DB-42C1-B488-19F689FCD4F2}.Debug|Any CPU.Build.0 = Debug|Any CPU
		{C9B1BD57-E5DB-42C1-B488-19F689FCD4F2}.Debug|Mixed Platforms.ActiveCfg = Debug|Any CPU
		{C9B1BD57-E5DB-42C1-B488-19F689FCD4F2}.Debug|Mixed Platforms.Build.0 = Debug|Any CPU
		{C9B1BD57-E5DB-42C1-B488-19F689FCD4F2}.Debug|x86.ActiveCfg = Debug|Any CPU
		{C9B1BD57-E5DB-42C1-B488-19F689FCD4F2}.Debug|x86.Build.0 = Debug|Any CPU
		{C9B1BD57-E5DB-42C1-B488-19F689FCD4F2}.Release_40|Any CPU.ActiveCfg = Release|x86
		{C9B1BD57-E5DB-42C1-B488-19F689FCD4F2}.Release_40|Mixed Platforms.ActiveCfg = Release|x86
		{C9B1BD57-E5DB-42C1-B488-19F689FCD4F2}.Release_40|Mixed Platforms.Build.0 = Release|x86
		{C9B1BD57-E5DB-42C1-B488-19F689FCD4F2}.Release_40|x86.ActiveCfg = Release|x86
		{C9B1BD57-E5DB-42C1-B488-19F689FCD4F2}.Release_40|x86.Build.0 = Release|x86
		{C9B1BD57-E5DB-42C1-B488-19F689FCD4F2}.Release_45|Any CPU.ActiveCfg = Release|x86
		{C9B1BD57-E5DB-42C1-B488-19F689FCD4F2}.Release_45|Mixed Platforms.ActiveCfg = Release|x86
		{C9B1BD57-E5DB-42C1-B488-19F689FCD4F2}.Release_45|Mixed Platforms.Build.0 = Release|x86
		{C9B1BD57-E5DB-42C1-B488-19F689FCD4F2}.Release_45|x86.ActiveCfg = Release|x86
		{C9B1BD57-E5DB-42C1-B488-19F689FCD4F2}.Release_45|x86.Build.0 = Release|x86
		{C9B1BD57-E5DB-42C1-B488-19F689FCD4F2}.Release_Mono_w_Linux|Any CPU.ActiveCfg = Release|x86
		{C9B1BD57-E5DB-42C1-B488-19F689FCD4F2}.Release_Mono_w_Linux|Mixed Platforms.ActiveCfg = Release|x86
		{C9B1BD57-E5DB-42C1-B488-19F689FCD4F2}.Release_Mono_w_Linux|Mixed Platforms.Build.0 = Release|x86
		{C9B1BD57-E5DB-42C1-B488-19F689FCD4F2}.Release_Mono_w_Linux|x86.ActiveCfg = Release|x86
		{C9B1BD57-E5DB-42C1-B488-19F689FCD4F2}.Release_Mono_w_Linux|x86.Build.0 = Release|x86
		{C9B1BD57-E5DB-42C1-B488-19F689FCD4F2}.Release|Any CPU.ActiveCfg = Release|Any CPU
		{C9B1BD57-E5DB-42C1-B488-19F689FCD4F2}.Release|Any CPU.Build.0 = Release|Any CPU
		{C9B1BD57-E5DB-42C1-B488-19F689FCD4F2}.Release|Mixed Platforms.ActiveCfg = Release|Any CPU
		{C9B1BD57-E5DB-42C1-B488-19F689FCD4F2}.Release|Mixed Platforms.Build.0 = Release|Any CPU
		{C9B1BD57-E5DB-42C1-B488-19F689FCD4F2}.Release|x86.ActiveCfg = Release|Any CPU
		{C9B1BD57-E5DB-42C1-B488-19F689FCD4F2}.Release|x86.Build.0 = Release|Any CPU
		{39B467CF-C3F3-447A-A7DA-59617388D26B}.Debug Release|Any CPU.ActiveCfg = Release|Any CPU
		{39B467CF-C3F3-447A-A7DA-59617388D26B}.Debug Release|Any CPU.Build.0 = Release|Any CPU
		{39B467CF-C3F3-447A-A7DA-59617388D26B}.Debug Release|Mixed Platforms.ActiveCfg = Release|Any CPU
		{39B467CF-C3F3-447A-A7DA-59617388D26B}.Debug Release|Mixed Platforms.Build.0 = Release|Any CPU
		{39B467CF-C3F3-447A-A7DA-59617388D26B}.Debug Release|x86.ActiveCfg = Release|Any CPU
		{39B467CF-C3F3-447A-A7DA-59617388D26B}.Debug|Any CPU.ActiveCfg = Debug|Any CPU
		{39B467CF-C3F3-447A-A7DA-59617388D26B}.Debug|Any CPU.Build.0 = Debug|Any CPU
		{39B467CF-C3F3-447A-A7DA-59617388D26B}.Debug|Mixed Platforms.ActiveCfg = Debug|Any CPU
		{39B467CF-C3F3-447A-A7DA-59617388D26B}.Debug|Mixed Platforms.Build.0 = Debug|Any CPU
		{39B467CF-C3F3-447A-A7DA-59617388D26B}.Debug|x86.ActiveCfg = Debug|Any CPU
		{39B467CF-C3F3-447A-A7DA-59617388D26B}.Debug|x86.Build.0 = Debug|Any CPU
		{39B467CF-C3F3-447A-A7DA-59617388D26B}.Release_40|Any CPU.ActiveCfg = Release|Any CPU
		{39B467CF-C3F3-447A-A7DA-59617388D26B}.Release_40|Any CPU.Build.0 = Release|Any CPU
		{39B467CF-C3F3-447A-A7DA-59617388D26B}.Release_40|Mixed Platforms.ActiveCfg = Release|Any CPU
		{39B467CF-C3F3-447A-A7DA-59617388D26B}.Release_40|Mixed Platforms.Build.0 = Release|Any CPU
		{39B467CF-C3F3-447A-A7DA-59617388D26B}.Release_40|x86.ActiveCfg = Release|Any CPU
		{39B467CF-C3F3-447A-A7DA-59617388D26B}.Release_45|Any CPU.ActiveCfg = Release|Any CPU
		{39B467CF-C3F3-447A-A7DA-59617388D26B}.Release_45|Any CPU.Build.0 = Release|Any CPU
		{39B467CF-C3F3-447A-A7DA-59617388D26B}.Release_45|Mixed Platforms.ActiveCfg = Release|Any CPU
		{39B467CF-C3F3-447A-A7DA-59617388D26B}.Release_45|Mixed Platforms.Build.0 = Release|Any CPU
		{39B467CF-C3F3-447A-A7DA-59617388D26B}.Release_45|x86.ActiveCfg = Release|Any CPU
		{39B467CF-C3F3-447A-A7DA-59617388D26B}.Release_Mono_w_Linux|Any CPU.ActiveCfg = Release|Any CPU
		{39B467CF-C3F3-447A-A7DA-59617388D26B}.Release_Mono_w_Linux|Any CPU.Build.0 = Release|Any CPU
		{39B467CF-C3F3-447A-A7DA-59617388D26B}.Release_Mono_w_Linux|Mixed Platforms.ActiveCfg = Release|Any CPU
		{39B467CF-C3F3-447A-A7DA-59617388D26B}.Release_Mono_w_Linux|Mixed Platforms.Build.0 = Release|Any CPU
		{39B467CF-C3F3-447A-A7DA-59617388D26B}.Release_Mono_w_Linux|x86.ActiveCfg = Release|Any CPU
		{39B467CF-C3F3-447A-A7DA-59617388D26B}.Release|Any CPU.ActiveCfg = Release|Any CPU
		{39B467CF-C3F3-447A-A7DA-59617388D26B}.Release|Any CPU.Build.0 = Release|Any CPU
		{39B467CF-C3F3-447A-A7DA-59617388D26B}.Release|Mixed Platforms.ActiveCfg = Release|Any CPU
		{39B467CF-C3F3-447A-A7DA-59617388D26B}.Release|Mixed Platforms.Build.0 = Release|Any CPU
		{39B467CF-C3F3-447A-A7DA-59617388D26B}.Release|x86.ActiveCfg = Release|Any CPU
		{39B467CF-C3F3-447A-A7DA-59617388D26B}.Release|x86.Build.0 = Release|Any CPU
		{A88AFF3F-23A2-4EC6-888C-702FD206A089}.Debug Release|Any CPU.ActiveCfg = Release|Any CPU
		{A88AFF3F-23A2-4EC6-888C-702FD206A089}.Debug Release|Any CPU.Build.0 = Release|Any CPU
		{A88AFF3F-23A2-4EC6-888C-702FD206A089}.Debug Release|Mixed Platforms.ActiveCfg = Release|Any CPU
		{A88AFF3F-23A2-4EC6-888C-702FD206A089}.Debug Release|Mixed Platforms.Build.0 = Release|Any CPU
		{A88AFF3F-23A2-4EC6-888C-702FD206A089}.Debug Release|x86.ActiveCfg = Release|Any CPU
		{A88AFF3F-23A2-4EC6-888C-702FD206A089}.Debug|Any CPU.ActiveCfg = Debug|Any CPU
		{A88AFF3F-23A2-4EC6-888C-702FD206A089}.Debug|Any CPU.Build.0 = Debug|Any CPU
		{A88AFF3F-23A2-4EC6-888C-702FD206A089}.Debug|Mixed Platforms.ActiveCfg = Debug|Any CPU
		{A88AFF3F-23A2-4EC6-888C-702FD206A089}.Debug|Mixed Platforms.Build.0 = Debug|Any CPU
		{A88AFF3F-23A2-4EC6-888C-702FD206A089}.Debug|x86.ActiveCfg = Debug|Any CPU
		{A88AFF3F-23A2-4EC6-888C-702FD206A089}.Debug|x86.Build.0 = Debug|Any CPU
		{A88AFF3F-23A2-4EC6-888C-702FD206A089}.Release_40|Any CPU.ActiveCfg = Release|Any CPU
		{A88AFF3F-23A2-4EC6-888C-702FD206A089}.Release_40|Any CPU.Build.0 = Release|Any CPU
		{A88AFF3F-23A2-4EC6-888C-702FD206A089}.Release_40|Mixed Platforms.ActiveCfg = Release|Any CPU
		{A88AFF3F-23A2-4EC6-888C-702FD206A089}.Release_40|Mixed Platforms.Build.0 = Release|Any CPU
		{A88AFF3F-23A2-4EC6-888C-702FD206A089}.Release_40|x86.ActiveCfg = Release|Any CPU
		{A88AFF3F-23A2-4EC6-888C-702FD206A089}.Release_45|Any CPU.ActiveCfg = Release|Any CPU
		{A88AFF3F-23A2-4EC6-888C-702FD206A089}.Release_45|Any CPU.Build.0 = Release|Any CPU
		{A88AFF3F-23A2-4EC6-888C-702FD206A089}.Release_45|Mixed Platforms.ActiveCfg = Release|Any CPU
		{A88AFF3F-23A2-4EC6-888C-702FD206A089}.Release_45|Mixed Platforms.Build.0 = Release|Any CPU
		{A88AFF3F-23A2-4EC6-888C-702FD206A089}.Release_45|x86.ActiveCfg = Release|Any CPU
		{A88AFF3F-23A2-4EC6-888C-702FD206A089}.Release_Mono_w_Linux|Any CPU.ActiveCfg = Release|Any CPU
		{A88AFF3F-23A2-4EC6-888C-702FD206A089}.Release_Mono_w_Linux|Any CPU.Build.0 = Release|Any CPU
		{A88AFF3F-23A2-4EC6-888C-702FD206A089}.Release_Mono_w_Linux|Mixed Platforms.ActiveCfg = Release|Any CPU
		{A88AFF3F-23A2-4EC6-888C-702FD206A089}.Release_Mono_w_Linux|Mixed Platforms.Build.0 = Release|Any CPU
		{A88AFF3F-23A2-4EC6-888C-702FD206A089}.Release_Mono_w_Linux|x86.ActiveCfg = Release|Any CPU
		{A88AFF3F-23A2-4EC6-888C-702FD206A089}.Release|Any CPU.ActiveCfg = Release|Any CPU
		{A88AFF3F-23A2-4EC6-888C-702FD206A089}.Release|Any CPU.Build.0 = Release|Any CPU
		{A88AFF3F-23A2-4EC6-888C-702FD206A089}.Release|Mixed Platforms.ActiveCfg = Release|Any CPU
		{A88AFF3F-23A2-4EC6-888C-702FD206A089}.Release|Mixed Platforms.Build.0 = Release|Any CPU
		{A88AFF3F-23A2-4EC6-888C-702FD206A089}.Release|x86.ActiveCfg = Release|Any CPU
		{A88AFF3F-23A2-4EC6-888C-702FD206A089}.Release|x86.Build.0 = Release|Any CPU
		{355CC0CC-F8C4-4DC3-BA68-36EAFE2F10C6}.Debug Release|Any CPU.ActiveCfg = Release|Any CPU
		{355CC0CC-F8C4-4DC3-BA68-36EAFE2F10C6}.Debug Release|Any CPU.Build.0 = Release|Any CPU
		{355CC0CC-F8C4-4DC3-BA68-36EAFE2F10C6}.Debug Release|Mixed Platforms.ActiveCfg = Release|Any CPU
		{355CC0CC-F8C4-4DC3-BA68-36EAFE2F10C6}.Debug Release|Mixed Platforms.Build.0 = Release|Any CPU
		{355CC0CC-F8C4-4DC3-BA68-36EAFE2F10C6}.Debug Release|x86.ActiveCfg = Release|Any CPU
		{355CC0CC-F8C4-4DC3-BA68-36EAFE2F10C6}.Debug|Any CPU.ActiveCfg = Debug|Any CPU
		{355CC0CC-F8C4-4DC3-BA68-36EAFE2F10C6}.Debug|Any CPU.Build.0 = Debug|Any CPU
		{355CC0CC-F8C4-4DC3-BA68-36EAFE2F10C6}.Debug|Mixed Platforms.ActiveCfg = Debug|Any CPU
		{355CC0CC-F8C4-4DC3-BA68-36EAFE2F10C6}.Debug|Mixed Platforms.Build.0 = Debug|Any CPU
		{355CC0CC-F8C4-4DC3-BA68-36EAFE2F10C6}.Debug|x86.ActiveCfg = Debug|Any CPU
		{355CC0CC-F8C4-4DC3-BA68-36EAFE2F10C6}.Debug|x86.Build.0 = Debug|Any CPU
		{355CC0CC-F8C4-4DC3-BA68-36EAFE2F10C6}.Release_40|Any CPU.ActiveCfg = Release|Any CPU
		{355CC0CC-F8C4-4DC3-BA68-36EAFE2F10C6}.Release_40|Any CPU.Build.0 = Release|Any CPU
		{355CC0CC-F8C4-4DC3-BA68-36EAFE2F10C6}.Release_40|Mixed Platforms.ActiveCfg = Release|Any CPU
		{355CC0CC-F8C4-4DC3-BA68-36EAFE2F10C6}.Release_40|Mixed Platforms.Build.0 = Release|Any CPU
		{355CC0CC-F8C4-4DC3-BA68-36EAFE2F10C6}.Release_40|x86.ActiveCfg = Release|Any CPU
		{355CC0CC-F8C4-4DC3-BA68-36EAFE2F10C6}.Release_45|Any CPU.ActiveCfg = Release|Any CPU
		{355CC0CC-F8C4-4DC3-BA68-36EAFE2F10C6}.Release_45|Any CPU.Build.0 = Release|Any CPU
		{355CC0CC-F8C4-4DC3-BA68-36EAFE2F10C6}.Release_45|Mixed Platforms.ActiveCfg = Release|Any CPU
		{355CC0CC-F8C4-4DC3-BA68-36EAFE2F10C6}.Release_45|Mixed Platforms.Build.0 = Release|Any CPU
		{355CC0CC-F8C4-4DC3-BA68-36EAFE2F10C6}.Release_45|x86.ActiveCfg = Release|Any CPU
		{355CC0CC-F8C4-4DC3-BA68-36EAFE2F10C6}.Release_Mono_w_Linux|Any CPU.ActiveCfg = Release|Any CPU
		{355CC0CC-F8C4-4DC3-BA68-36EAFE2F10C6}.Release_Mono_w_Linux|Any CPU.Build.0 = Release|Any CPU
		{355CC0CC-F8C4-4DC3-BA68-36EAFE2F10C6}.Release_Mono_w_Linux|Mixed Platforms.ActiveCfg = Release|Any CPU
		{355CC0CC-F8C4-4DC3-BA68-36EAFE2F10C6}.Release_Mono_w_Linux|Mixed Platforms.Build.0 = Release|Any CPU
		{355CC0CC-F8C4-4DC3-BA68-36EAFE2F10C6}.Release_Mono_w_Linux|x86.ActiveCfg = Release|Any CPU
		{355CC0CC-F8C4-4DC3-BA68-36EAFE2F10C6}.Release|Any CPU.ActiveCfg = Release|Any CPU
		{355CC0CC-F8C4-4DC3-BA68-36EAFE2F10C6}.Release|Any CPU.Build.0 = Release|Any CPU
		{355CC0CC-F8C4-4DC3-BA68-36EAFE2F10C6}.Release|Mixed Platforms.ActiveCfg = Release|Any CPU
		{355CC0CC-F8C4-4DC3-BA68-36EAFE2F10C6}.Release|Mixed Platforms.Build.0 = Release|Any CPU
		{355CC0CC-F8C4-4DC3-BA68-36EAFE2F10C6}.Release|x86.ActiveCfg = Release|Any CPU
		{355CC0CC-F8C4-4DC3-BA68-36EAFE2F10C6}.Release|x86.Build.0 = Release|Any CPU
		{F04598A2-3E23-4369-B1FE-9E35B93D4442}.Debug Release|Any CPU.ActiveCfg = Release|Any CPU
		{F04598A2-3E23-4369-B1FE-9E35B93D4442}.Debug Release|Any CPU.Build.0 = Release|Any CPU
		{F04598A2-3E23-4369-B1FE-9E35B93D4442}.Debug Release|Mixed Platforms.ActiveCfg = Release|Any CPU
		{F04598A2-3E23-4369-B1FE-9E35B93D4442}.Debug Release|Mixed Platforms.Build.0 = Release|Any CPU
		{F04598A2-3E23-4369-B1FE-9E35B93D4442}.Debug Release|x86.ActiveCfg = Release|Any CPU
		{F04598A2-3E23-4369-B1FE-9E35B93D4442}.Debug|Any CPU.ActiveCfg = Debug|Any CPU
		{F04598A2-3E23-4369-B1FE-9E35B93D4442}.Debug|Any CPU.Build.0 = Debug|Any CPU
		{F04598A2-3E23-4369-B1FE-9E35B93D4442}.Debug|Mixed Platforms.ActiveCfg = Debug|Any CPU
		{F04598A2-3E23-4369-B1FE-9E35B93D4442}.Debug|Mixed Platforms.Build.0 = Debug|Any CPU
		{F04598A2-3E23-4369-B1FE-9E35B93D4442}.Debug|x86.ActiveCfg = Debug|Any CPU
		{F04598A2-3E23-4369-B1FE-9E35B93D4442}.Debug|x86.Build.0 = Debug|Any CPU
		{F04598A2-3E23-4369-B1FE-9E35B93D4442}.Release_40|Any CPU.ActiveCfg = Release|Any CPU
		{F04598A2-3E23-4369-B1FE-9E35B93D4442}.Release_40|Any CPU.Build.0 = Release|Any CPU
		{F04598A2-3E23-4369-B1FE-9E35B93D4442}.Release_40|Mixed Platforms.ActiveCfg = Release|Any CPU
		{F04598A2-3E23-4369-B1FE-9E35B93D4442}.Release_40|Mixed Platforms.Build.0 = Release|Any CPU
		{F04598A2-3E23-4369-B1FE-9E35B93D4442}.Release_40|x86.ActiveCfg = Release|Any CPU
		{F04598A2-3E23-4369-B1FE-9E35B93D4442}.Release_45|Any CPU.ActiveCfg = Release|Any CPU
		{F04598A2-3E23-4369-B1FE-9E35B93D4442}.Release_45|Any CPU.Build.0 = Release|Any CPU
		{F04598A2-3E23-4369-B1FE-9E35B93D4442}.Release_45|Mixed Platforms.ActiveCfg = Release|Any CPU
		{F04598A2-3E23-4369-B1FE-9E35B93D4442}.Release_45|Mixed Platforms.Build.0 = Release|Any CPU
		{F04598A2-3E23-4369-B1FE-9E35B93D4442}.Release_45|x86.ActiveCfg = Release|Any CPU
		{F04598A2-3E23-4369-B1FE-9E35B93D4442}.Release_Mono_w_Linux|Any CPU.ActiveCfg = Release|Any CPU
		{F04598A2-3E23-4369-B1FE-9E35B93D4442}.Release_Mono_w_Linux|Any CPU.Build.0 = Release|Any CPU
		{F04598A2-3E23-4369-B1FE-9E35B93D4442}.Release_Mono_w_Linux|Mixed Platforms.ActiveCfg = Release|Any CPU
		{F04598A2-3E23-4369-B1FE-9E35B93D4442}.Release_Mono_w_Linux|Mixed Platforms.Build.0 = Release|Any CPU
		{F04598A2-3E23-4369-B1FE-9E35B93D4442}.Release_Mono_w_Linux|x86.ActiveCfg = Release|Any CPU
		{F04598A2-3E23-4369-B1FE-9E35B93D4442}.Release|Any CPU.ActiveCfg = Release|Any CPU
		{F04598A2-3E23-4369-B1FE-9E35B93D4442}.Release|Any CPU.Build.0 = Release|Any CPU
		{F04598A2-3E23-4369-B1FE-9E35B93D4442}.Release|Mixed Platforms.ActiveCfg = Release|Any CPU
		{F04598A2-3E23-4369-B1FE-9E35B93D4442}.Release|Mixed Platforms.Build.0 = Release|Any CPU
		{F04598A2-3E23-4369-B1FE-9E35B93D4442}.Release|x86.ActiveCfg = Release|Any CPU
		{F04598A2-3E23-4369-B1FE-9E35B93D4442}.Release|x86.Build.0 = Release|Any CPU
		{B24A35E4-48FE-4707-8004-21B93750192E}.Debug Release|Any CPU.ActiveCfg = Release|Any CPU
		{B24A35E4-48FE-4707-8004-21B93750192E}.Debug Release|Any CPU.Build.0 = Release|Any CPU
		{B24A35E4-48FE-4707-8004-21B93750192E}.Debug Release|Mixed Platforms.ActiveCfg = Release|Any CPU
		{B24A35E4-48FE-4707-8004-21B93750192E}.Debug Release|Mixed Platforms.Build.0 = Release|Any CPU
		{B24A35E4-48FE-4707-8004-21B93750192E}.Debug Release|x86.ActiveCfg = Release|Any CPU
		{B24A35E4-48FE-4707-8004-21B93750192E}.Debug|Any CPU.ActiveCfg = Debug|Any CPU
		{B24A35E4-48FE-4707-8004-21B93750192E}.Debug|Any CPU.Build.0 = Debug|Any CPU
		{B24A35E4-48FE-4707-8004-21B93750192E}.Debug|Mixed Platforms.ActiveCfg = Debug|Any CPU
		{B24A35E4-48FE-4707-8004-21B93750192E}.Debug|Mixed Platforms.Build.0 = Debug|Any CPU
		{B24A35E4-48FE-4707-8004-21B93750192E}.Debug|x86.ActiveCfg = Debug|Any CPU
		{B24A35E4-48FE-4707-8004-21B93750192E}.Debug|x86.Build.0 = Debug|Any CPU
		{B24A35E4-48FE-4707-8004-21B93750192E}.Release_40|Any CPU.ActiveCfg = Release|Any CPU
		{B24A35E4-48FE-4707-8004-21B93750192E}.Release_40|Any CPU.Build.0 = Release|Any CPU
		{B24A35E4-48FE-4707-8004-21B93750192E}.Release_40|Mixed Platforms.ActiveCfg = Release|Any CPU
		{B24A35E4-48FE-4707-8004-21B93750192E}.Release_40|Mixed Platforms.Build.0 = Release|Any CPU
		{B24A35E4-48FE-4707-8004-21B93750192E}.Release_40|x86.ActiveCfg = Release|Any CPU
		{B24A35E4-48FE-4707-8004-21B93750192E}.Release_45|Any CPU.ActiveCfg = Release|Any CPU
		{B24A35E4-48FE-4707-8004-21B93750192E}.Release_45|Any CPU.Build.0 = Release|Any CPU
		{B24A35E4-48FE-4707-8004-21B93750192E}.Release_45|Mixed Platforms.ActiveCfg = Release|Any CPU
		{B24A35E4-48FE-4707-8004-21B93750192E}.Release_45|Mixed Platforms.Build.0 = Release|Any CPU
		{B24A35E4-48FE-4707-8004-21B93750192E}.Release_45|x86.ActiveCfg = Release|Any CPU
		{B24A35E4-48FE-4707-8004-21B93750192E}.Release_Mono_w_Linux|Any CPU.ActiveCfg = Release|Any CPU
		{B24A35E4-48FE-4707-8004-21B93750192E}.Release_Mono_w_Linux|Any CPU.Build.0 = Release|Any CPU
		{B24A35E4-48FE-4707-8004-21B93750192E}.Release_Mono_w_Linux|Mixed Platforms.ActiveCfg = Release|Any CPU
		{B24A35E4-48FE-4707-8004-21B93750192E}.Release_Mono_w_Linux|Mixed Platforms.Build.0 = Release|Any CPU
		{B24A35E4-48FE-4707-8004-21B93750192E}.Release_Mono_w_Linux|x86.ActiveCfg = Release|Any CPU
		{B24A35E4-48FE-4707-8004-21B93750192E}.Release|Any CPU.ActiveCfg = Release|Any CPU
		{B24A35E4-48FE-4707-8004-21B93750192E}.Release|Any CPU.Build.0 = Release|Any CPU
		{B24A35E4-48FE-4707-8004-21B93750192E}.Release|Mixed Platforms.ActiveCfg = Release|Any CPU
		{B24A35E4-48FE-4707-8004-21B93750192E}.Release|Mixed Platforms.Build.0 = Release|Any CPU
		{B24A35E4-48FE-4707-8004-21B93750192E}.Release|x86.ActiveCfg = Release|Any CPU
		{B24A35E4-48FE-4707-8004-21B93750192E}.Release|x86.Build.0 = Release|Any CPU
		{E5CCFD42-130E-430F-8115-3BA7556408CF}.Debug Release|Any CPU.ActiveCfg = Release|Any CPU
		{E5CCFD42-130E-430F-8115-3BA7556408CF}.Debug Release|Any CPU.Build.0 = Release|Any CPU
		{E5CCFD42-130E-430F-8115-3BA7556408CF}.Debug Release|Mixed Platforms.ActiveCfg = Release|Any CPU
		{E5CCFD42-130E-430F-8115-3BA7556408CF}.Debug Release|Mixed Platforms.Build.0 = Release|Any CPU
		{E5CCFD42-130E-430F-8115-3BA7556408CF}.Debug Release|x86.ActiveCfg = Release|Any CPU
		{E5CCFD42-130E-430F-8115-3BA7556408CF}.Debug|Any CPU.ActiveCfg = Debug|Any CPU
		{E5CCFD42-130E-430F-8115-3BA7556408CF}.Debug|Any CPU.Build.0 = Debug|Any CPU
		{E5CCFD42-130E-430F-8115-3BA7556408CF}.Debug|Mixed Platforms.ActiveCfg = Debug|Any CPU
		{E5CCFD42-130E-430F-8115-3BA7556408CF}.Debug|Mixed Platforms.Build.0 = Debug|Any CPU
		{E5CCFD42-130E-430F-8115-3BA7556408CF}.Debug|x86.ActiveCfg = Debug|Any CPU
		{E5CCFD42-130E-430F-8115-3BA7556408CF}.Debug|x86.Build.0 = Debug|Any CPU
		{E5CCFD42-130E-430F-8115-3BA7556408CF}.Release_40|Any CPU.ActiveCfg = Release|Any CPU
		{E5CCFD42-130E-430F-8115-3BA7556408CF}.Release_40|Any CPU.Build.0 = Release|Any CPU
		{E5CCFD42-130E-430F-8115-3BA7556408CF}.Release_40|Mixed Platforms.ActiveCfg = Release|Any CPU
		{E5CCFD42-130E-430F-8115-3BA7556408CF}.Release_40|Mixed Platforms.Build.0 = Release|Any CPU
		{E5CCFD42-130E-430F-8115-3BA7556408CF}.Release_40|x86.ActiveCfg = Release|Any CPU
		{E5CCFD42-130E-430F-8115-3BA7556408CF}.Release_45|Any CPU.ActiveCfg = Release|Any CPU
		{E5CCFD42-130E-430F-8115-3BA7556408CF}.Release_45|Any CPU.Build.0 = Release|Any CPU
		{E5CCFD42-130E-430F-8115-3BA7556408CF}.Release_45|Mixed Platforms.ActiveCfg = Release|Any CPU
		{E5CCFD42-130E-430F-8115-3BA7556408CF}.Release_45|Mixed Platforms.Build.0 = Release|Any CPU
		{E5CCFD42-130E-430F-8115-3BA7556408CF}.Release_45|x86.ActiveCfg = Release|Any CPU
		{E5CCFD42-130E-430F-8115-3BA7556408CF}.Release_Mono_w_Linux|Any CPU.ActiveCfg = Release|Any CPU
		{E5CCFD42-130E-430F-8115-3BA7556408CF}.Release_Mono_w_Linux|Any CPU.Build.0 = Release|Any CPU
		{E5CCFD42-130E-430F-8115-3BA7556408CF}.Release_Mono_w_Linux|Mixed Platforms.ActiveCfg = Release|Any CPU
		{E5CCFD42-130E-430F-8115-3BA7556408CF}.Release_Mono_w_Linux|Mixed Platforms.Build.0 = Release|Any CPU
		{E5CCFD42-130E-430F-8115-3BA7556408CF}.Release_Mono_w_Linux|x86.ActiveCfg = Release|Any CPU
		{E5CCFD42-130E-430F-8115-3BA7556408CF}.Release|Any CPU.ActiveCfg = Release|Any CPU
		{E5CCFD42-130E-430F-8115-3BA7556408CF}.Release|Any CPU.Build.0 = Release|Any CPU
		{E5CCFD42-130E-430F-8115-3BA7556408CF}.Release|Mixed Platforms.ActiveCfg = Release|Any CPU
		{E5CCFD42-130E-430F-8115-3BA7556408CF}.Release|Mixed Platforms.Build.0 = Release|Any CPU
		{E5CCFD42-130E-430F-8115-3BA7556408CF}.Release|x86.ActiveCfg = Release|Any CPU
		{E5CCFD42-130E-430F-8115-3BA7556408CF}.Release|x86.Build.0 = Release|Any CPU
		{793F5440-094B-414B-8F18-25DF66C182C5}.Debug Release|Any CPU.ActiveCfg = Release|Any CPU
		{793F5440-094B-414B-8F18-25DF66C182C5}.Debug Release|Any CPU.Build.0 = Release|Any CPU
		{793F5440-094B-414B-8F18-25DF66C182C5}.Debug Release|Mixed Platforms.ActiveCfg = Release|Any CPU
		{793F5440-094B-414B-8F18-25DF66C182C5}.Debug Release|Mixed Platforms.Build.0 = Release|Any CPU
		{793F5440-094B-414B-8F18-25DF66C182C5}.Debug Release|x86.ActiveCfg = Release|Any CPU
		{793F5440-094B-414B-8F18-25DF66C182C5}.Debug|Any CPU.ActiveCfg = Debug|Any CPU
		{793F5440-094B-414B-8F18-25DF66C182C5}.Debug|Any CPU.Build.0 = Debug|Any CPU
		{793F5440-094B-414B-8F18-25DF66C182C5}.Debug|Mixed Platforms.ActiveCfg = Debug|Any CPU
		{793F5440-094B-414B-8F18-25DF66C182C5}.Debug|Mixed Platforms.Build.0 = Debug|Any CPU
		{793F5440-094B-414B-8F18-25DF66C182C5}.Debug|x86.ActiveCfg = Debug|Any CPU
		{793F5440-094B-414B-8F18-25DF66C182C5}.Debug|x86.Build.0 = Debug|Any CPU
		{793F5440-094B-414B-8F18-25DF66C182C5}.Release_40|Any CPU.ActiveCfg = Release|Any CPU
		{793F5440-094B-414B-8F18-25DF66C182C5}.Release_40|Any CPU.Build.0 = Release|Any CPU
		{793F5440-094B-414B-8F18-25DF66C182C5}.Release_40|Mixed Platforms.ActiveCfg = Release|Any CPU
		{793F5440-094B-414B-8F18-25DF66C182C5}.Release_40|Mixed Platforms.Build.0 = Release|Any CPU
		{793F5440-094B-414B-8F18-25DF66C182C5}.Release_40|x86.ActiveCfg = Release|Any CPU
		{793F5440-094B-414B-8F18-25DF66C182C5}.Release_45|Any CPU.ActiveCfg = Release|Any CPU
		{793F5440-094B-414B-8F18-25DF66C182C5}.Release_45|Any CPU.Build.0 = Release|Any CPU
		{793F5440-094B-414B-8F18-25DF66C182C5}.Release_45|Mixed Platforms.ActiveCfg = Release|Any CPU
		{793F5440-094B-414B-8F18-25DF66C182C5}.Release_45|Mixed Platforms.Build.0 = Release|Any CPU
		{793F5440-094B-414B-8F18-25DF66C182C5}.Release_45|x86.ActiveCfg = Release|Any CPU
		{793F5440-094B-414B-8F18-25DF66C182C5}.Release_Mono_w_Linux|Any CPU.ActiveCfg = Release|Any CPU
		{793F5440-094B-414B-8F18-25DF66C182C5}.Release_Mono_w_Linux|Any CPU.Build.0 = Release|Any CPU
		{793F5440-094B-414B-8F18-25DF66C182C5}.Release_Mono_w_Linux|Mixed Platforms.ActiveCfg = Release|Any CPU
		{793F5440-094B-414B-8F18-25DF66C182C5}.Release_Mono_w_Linux|Mixed Platforms.Build.0 = Release|Any CPU
		{793F5440-094B-414B-8F18-25DF66C182C5}.Release_Mono_w_Linux|x86.ActiveCfg = Release|Any CPU
		{793F5440-094B-414B-8F18-25DF66C182C5}.Release|Any CPU.ActiveCfg = Release|Any CPU
		{793F5440-094B-414B-8F18-25DF66C182C5}.Release|Any CPU.Build.0 = Release|Any CPU
		{793F5440-094B-414B-8F18-25DF66C182C5}.Release|Mixed Platforms.ActiveCfg = Release|Any CPU
		{793F5440-094B-414B-8F18-25DF66C182C5}.Release|Mixed Platforms.Build.0 = Release|Any CPU
		{793F5440-094B-414B-8F18-25DF66C182C5}.Release|x86.ActiveCfg = Release|Any CPU
		{793F5440-094B-414B-8F18-25DF66C182C5}.Release|x86.Build.0 = Release|Any CPU
		{D8A435C1-224E-40C9-877E-1F1B202FB160}.Debug Release|Any CPU.ActiveCfg = Release|Any CPU
		{D8A435C1-224E-40C9-877E-1F1B202FB160}.Debug Release|Any CPU.Build.0 = Release|Any CPU
		{D8A435C1-224E-40C9-877E-1F1B202FB160}.Debug Release|Mixed Platforms.ActiveCfg = Release|Any CPU
		{D8A435C1-224E-40C9-877E-1F1B202FB160}.Debug Release|Mixed Platforms.Build.0 = Release|Any CPU
		{D8A435C1-224E-40C9-877E-1F1B202FB160}.Debug Release|x86.ActiveCfg = Release|Any CPU
		{D8A435C1-224E-40C9-877E-1F1B202FB160}.Debug|Any CPU.ActiveCfg = Debug|Any CPU
		{D8A435C1-224E-40C9-877E-1F1B202FB160}.Debug|Any CPU.Build.0 = Debug|Any CPU
		{D8A435C1-224E-40C9-877E-1F1B202FB160}.Debug|Mixed Platforms.ActiveCfg = Debug|Any CPU
		{D8A435C1-224E-40C9-877E-1F1B202FB160}.Debug|Mixed Platforms.Build.0 = Debug|Any CPU
		{D8A435C1-224E-40C9-877E-1F1B202FB160}.Debug|x86.ActiveCfg = Debug|Any CPU
		{D8A435C1-224E-40C9-877E-1F1B202FB160}.Debug|x86.Build.0 = Debug|Any CPU
		{D8A435C1-224E-40C9-877E-1F1B202FB160}.Release_40|Any CPU.ActiveCfg = Release|Any CPU
		{D8A435C1-224E-40C9-877E-1F1B202FB160}.Release_40|Any CPU.Build.0 = Release|Any CPU
		{D8A435C1-224E-40C9-877E-1F1B202FB160}.Release_40|Mixed Platforms.ActiveCfg = Release|Any CPU
		{D8A435C1-224E-40C9-877E-1F1B202FB160}.Release_40|Mixed Platforms.Build.0 = Release|Any CPU
		{D8A435C1-224E-40C9-877E-1F1B202FB160}.Release_40|x86.ActiveCfg = Release|Any CPU
		{D8A435C1-224E-40C9-877E-1F1B202FB160}.Release_45|Any CPU.ActiveCfg = Release|Any CPU
		{D8A435C1-224E-40C9-877E-1F1B202FB160}.Release_45|Any CPU.Build.0 = Release|Any CPU
		{D8A435C1-224E-40C9-877E-1F1B202FB160}.Release_45|Mixed Platforms.ActiveCfg = Release|Any CPU
		{D8A435C1-224E-40C9-877E-1F1B202FB160}.Release_45|Mixed Platforms.Build.0 = Release|Any CPU
		{D8A435C1-224E-40C9-877E-1F1B202FB160}.Release_45|x86.ActiveCfg = Release|Any CPU
		{D8A435C1-224E-40C9-877E-1F1B202FB160}.Release_Mono_w_Linux|Any CPU.ActiveCfg = Release|Any CPU
		{D8A435C1-224E-40C9-877E-1F1B202FB160}.Release_Mono_w_Linux|Any CPU.Build.0 = Release|Any CPU
		{D8A435C1-224E-40C9-877E-1F1B202FB160}.Release_Mono_w_Linux|Mixed Platforms.ActiveCfg = Release|Any CPU
		{D8A435C1-224E-40C9-877E-1F1B202FB160}.Release_Mono_w_Linux|Mixed Platforms.Build.0 = Release|Any CPU
		{D8A435C1-224E-40C9-877E-1F1B202FB160}.Release_Mono_w_Linux|x86.ActiveCfg = Release|Any CPU
		{D8A435C1-224E-40C9-877E-1F1B202FB160}.Release|Any CPU.ActiveCfg = Release|Any CPU
		{D8A435C1-224E-40C9-877E-1F1B202FB160}.Release|Any CPU.Build.0 = Release|Any CPU
		{D8A435C1-224E-40C9-877E-1F1B202FB160}.Release|Mixed Platforms.ActiveCfg = Release|Any CPU
		{D8A435C1-224E-40C9-877E-1F1B202FB160}.Release|Mixed Platforms.Build.0 = Release|Any CPU
		{D8A435C1-224E-40C9-877E-1F1B202FB160}.Release|x86.ActiveCfg = Release|Any CPU
		{D8A435C1-224E-40C9-877E-1F1B202FB160}.Release|x86.Build.0 = Release|Any CPU
		{96361402-A599-42F2-8A14-9A3271813E85}.Debug Release|Any CPU.ActiveCfg = Release|Any CPU
		{96361402-A599-42F2-8A14-9A3271813E85}.Debug Release|Any CPU.Build.0 = Release|Any CPU
		{96361402-A599-42F2-8A14-9A3271813E85}.Debug Release|Mixed Platforms.ActiveCfg = Release|Any CPU
		{96361402-A599-42F2-8A14-9A3271813E85}.Debug Release|Mixed Platforms.Build.0 = Release|Any CPU
		{96361402-A599-42F2-8A14-9A3271813E85}.Debug Release|x86.ActiveCfg = Release|Any CPU
		{96361402-A599-42F2-8A14-9A3271813E85}.Debug|Any CPU.ActiveCfg = Debug|Any CPU
		{96361402-A599-42F2-8A14-9A3271813E85}.Debug|Any CPU.Build.0 = Debug|Any CPU
		{96361402-A599-42F2-8A14-9A3271813E85}.Debug|Mixed Platforms.ActiveCfg = Debug|Any CPU
		{96361402-A599-42F2-8A14-9A3271813E85}.Debug|Mixed Platforms.Build.0 = Debug|Any CPU
		{96361402-A599-42F2-8A14-9A3271813E85}.Debug|x86.ActiveCfg = Debug|Any CPU
		{96361402-A599-42F2-8A14-9A3271813E85}.Debug|x86.Build.0 = Debug|Any CPU
		{96361402-A599-42F2-8A14-9A3271813E85}.Release_40|Any CPU.ActiveCfg = Release|Any CPU
		{96361402-A599-42F2-8A14-9A3271813E85}.Release_40|Any CPU.Build.0 = Release|Any CPU
		{96361402-A599-42F2-8A14-9A3271813E85}.Release_40|Mixed Platforms.ActiveCfg = Release|Any CPU
		{96361402-A599-42F2-8A14-9A3271813E85}.Release_40|Mixed Platforms.Build.0 = Release|Any CPU
		{96361402-A599-42F2-8A14-9A3271813E85}.Release_40|x86.ActiveCfg = Release|Any CPU
		{96361402-A599-42F2-8A14-9A3271813E85}.Release_45|Any CPU.ActiveCfg = Release|Any CPU
		{96361402-A599-42F2-8A14-9A3271813E85}.Release_45|Any CPU.Build.0 = Release|Any CPU
		{96361402-A599-42F2-8A14-9A3271813E85}.Release_45|Mixed Platforms.ActiveCfg = Release|Any CPU
		{96361402-A599-42F2-8A14-9A3271813E85}.Release_45|Mixed Platforms.Build.0 = Release|Any CPU
		{96361402-A599-42F2-8A14-9A3271813E85}.Release_45|x86.ActiveCfg = Release|Any CPU
		{96361402-A599-42F2-8A14-9A3271813E85}.Release_Mono_w_Linux|Any CPU.ActiveCfg = Release|Any CPU
		{96361402-A599-42F2-8A14-9A3271813E85}.Release_Mono_w_Linux|Any CPU.Build.0 = Release|Any CPU
		{96361402-A599-42F2-8A14-9A3271813E85}.Release_Mono_w_Linux|Mixed Platforms.ActiveCfg = Release|Any CPU
		{96361402-A599-42F2-8A14-9A3271813E85}.Release_Mono_w_Linux|Mixed Platforms.Build.0 = Release|Any CPU
		{96361402-A599-42F2-8A14-9A3271813E85}.Release_Mono_w_Linux|x86.ActiveCfg = Release|Any CPU
		{96361402-A599-42F2-8A14-9A3271813E85}.Release|Any CPU.ActiveCfg = Release|Any CPU
		{96361402-A599-42F2-8A14-9A3271813E85}.Release|Any CPU.Build.0 = Release|Any CPU
		{96361402-A599-42F2-8A14-9A3271813E85}.Release|Mixed Platforms.ActiveCfg = Release|Any CPU
		{96361402-A599-42F2-8A14-9A3271813E85}.Release|Mixed Platforms.Build.0 = Release|Any CPU
		{96361402-A599-42F2-8A14-9A3271813E85}.Release|x86.ActiveCfg = Release|Any CPU
		{96361402-A599-42F2-8A14-9A3271813E85}.Release|x86.Build.0 = Release|Any CPU
		{554BAEF6-AE0C-4FB8-BEA8-54711EDF62A9}.Debug Release|Any CPU.ActiveCfg = Release|Any CPU
		{554BAEF6-AE0C-4FB8-BEA8-54711EDF62A9}.Debug Release|Any CPU.Build.0 = Release|Any CPU
		{554BAEF6-AE0C-4FB8-BEA8-54711EDF62A9}.Debug Release|Mixed Platforms.ActiveCfg = Release|Any CPU
		{554BAEF6-AE0C-4FB8-BEA8-54711EDF62A9}.Debug Release|Mixed Platforms.Build.0 = Release|Any CPU
		{554BAEF6-AE0C-4FB8-BEA8-54711EDF62A9}.Debug Release|x86.ActiveCfg = Release|Any CPU
		{554BAEF6-AE0C-4FB8-BEA8-54711EDF62A9}.Debug|Any CPU.ActiveCfg = Debug|Any CPU
		{554BAEF6-AE0C-4FB8-BEA8-54711EDF62A9}.Debug|Any CPU.Build.0 = Debug|Any CPU
		{554BAEF6-AE0C-4FB8-BEA8-54711EDF62A9}.Debug|Mixed Platforms.ActiveCfg = Debug|Any CPU
		{554BAEF6-AE0C-4FB8-BEA8-54711EDF62A9}.Debug|Mixed Platforms.Build.0 = Debug|Any CPU
		{554BAEF6-AE0C-4FB8-BEA8-54711EDF62A9}.Debug|x86.ActiveCfg = Debug|Any CPU
		{554BAEF6-AE0C-4FB8-BEA8-54711EDF62A9}.Debug|x86.Build.0 = Debug|Any CPU
		{554BAEF6-AE0C-4FB8-BEA8-54711EDF62A9}.Release_40|Any CPU.ActiveCfg = Release|Any CPU
		{554BAEF6-AE0C-4FB8-BEA8-54711EDF62A9}.Release_40|Any CPU.Build.0 = Release|Any CPU
		{554BAEF6-AE0C-4FB8-BEA8-54711EDF62A9}.Release_40|Mixed Platforms.ActiveCfg = Release|Any CPU
		{554BAEF6-AE0C-4FB8-BEA8-54711EDF62A9}.Release_40|Mixed Platforms.Build.0 = Release|Any CPU
		{554BAEF6-AE0C-4FB8-BEA8-54711EDF62A9}.Release_40|x86.ActiveCfg = Release|Any CPU
		{554BAEF6-AE0C-4FB8-BEA8-54711EDF62A9}.Release_45|Any CPU.ActiveCfg = Release|Any CPU
		{554BAEF6-AE0C-4FB8-BEA8-54711EDF62A9}.Release_45|Any CPU.Build.0 = Release|Any CPU
		{554BAEF6-AE0C-4FB8-BEA8-54711EDF62A9}.Release_45|Mixed Platforms.ActiveCfg = Release|Any CPU
		{554BAEF6-AE0C-4FB8-BEA8-54711EDF62A9}.Release_45|Mixed Platforms.Build.0 = Release|Any CPU
		{554BAEF6-AE0C-4FB8-BEA8-54711EDF62A9}.Release_45|x86.ActiveCfg = Release|Any CPU
		{554BAEF6-AE0C-4FB8-BEA8-54711EDF62A9}.Release_Mono_w_Linux|Any CPU.ActiveCfg = Release|Any CPU
		{554BAEF6-AE0C-4FB8-BEA8-54711EDF62A9}.Release_Mono_w_Linux|Any CPU.Build.0 = Release|Any CPU
		{554BAEF6-AE0C-4FB8-BEA8-54711EDF62A9}.Release_Mono_w_Linux|Mixed Platforms.ActiveCfg = Release|Any CPU
		{554BAEF6-AE0C-4FB8-BEA8-54711EDF62A9}.Release_Mono_w_Linux|Mixed Platforms.Build.0 = Release|Any CPU
		{554BAEF6-AE0C-4FB8-BEA8-54711EDF62A9}.Release_Mono_w_Linux|x86.ActiveCfg = Release|Any CPU
		{554BAEF6-AE0C-4FB8-BEA8-54711EDF62A9}.Release|Any CPU.ActiveCfg = Release|Any CPU
		{554BAEF6-AE0C-4FB8-BEA8-54711EDF62A9}.Release|Any CPU.Build.0 = Release|Any CPU
		{554BAEF6-AE0C-4FB8-BEA8-54711EDF62A9}.Release|Mixed Platforms.ActiveCfg = Release|Any CPU
		{554BAEF6-AE0C-4FB8-BEA8-54711EDF62A9}.Release|Mixed Platforms.Build.0 = Release|Any CPU
		{554BAEF6-AE0C-4FB8-BEA8-54711EDF62A9}.Release|x86.ActiveCfg = Release|Any CPU
		{554BAEF6-AE0C-4FB8-BEA8-54711EDF62A9}.Release|x86.Build.0 = Release|Any CPU
		{5FB6C52B-21D2-4D63-BA4D-53FF6FD5ED18}.Debug Release|Any CPU.ActiveCfg = Release|Any CPU
		{5FB6C52B-21D2-4D63-BA4D-53FF6FD5ED18}.Debug Release|Any CPU.Build.0 = Release|Any CPU
		{5FB6C52B-21D2-4D63-BA4D-53FF6FD5ED18}.Debug Release|Mixed Platforms.ActiveCfg = Release|Any CPU
		{5FB6C52B-21D2-4D63-BA4D-53FF6FD5ED18}.Debug Release|Mixed Platforms.Build.0 = Release|Any CPU
		{5FB6C52B-21D2-4D63-BA4D-53FF6FD5ED18}.Debug Release|x86.ActiveCfg = Release|Any CPU
		{5FB6C52B-21D2-4D63-BA4D-53FF6FD5ED18}.Debug|Any CPU.ActiveCfg = Debug|Any CPU
		{5FB6C52B-21D2-4D63-BA4D-53FF6FD5ED18}.Debug|Any CPU.Build.0 = Debug|Any CPU
		{5FB6C52B-21D2-4D63-BA4D-53FF6FD5ED18}.Debug|Mixed Platforms.ActiveCfg = Debug|Any CPU
		{5FB6C52B-21D2-4D63-BA4D-53FF6FD5ED18}.Debug|Mixed Platforms.Build.0 = Debug|Any CPU
		{5FB6C52B-21D2-4D63-BA4D-53FF6FD5ED18}.Debug|x86.ActiveCfg = Debug|Any CPU
		{5FB6C52B-21D2-4D63-BA4D-53FF6FD5ED18}.Debug|x86.Build.0 = Debug|Any CPU
		{5FB6C52B-21D2-4D63-BA4D-53FF6FD5ED18}.Release_40|Any CPU.ActiveCfg = Release|Any CPU
		{5FB6C52B-21D2-4D63-BA4D-53FF6FD5ED18}.Release_40|Any CPU.Build.0 = Release|Any CPU
		{5FB6C52B-21D2-4D63-BA4D-53FF6FD5ED18}.Release_40|Mixed Platforms.ActiveCfg = Release|Any CPU
		{5FB6C52B-21D2-4D63-BA4D-53FF6FD5ED18}.Release_40|Mixed Platforms.Build.0 = Release|Any CPU
		{5FB6C52B-21D2-4D63-BA4D-53FF6FD5ED18}.Release_40|x86.ActiveCfg = Release|Any CPU
		{5FB6C52B-21D2-4D63-BA4D-53FF6FD5ED18}.Release_45|Any CPU.ActiveCfg = Release|Any CPU
		{5FB6C52B-21D2-4D63-BA4D-53FF6FD5ED18}.Release_45|Any CPU.Build.0 = Release|Any CPU
		{5FB6C52B-21D2-4D63-BA4D-53FF6FD5ED18}.Release_45|Mixed Platforms.ActiveCfg = Release|Any CPU
		{5FB6C52B-21D2-4D63-BA4D-53FF6FD5ED18}.Release_45|Mixed Platforms.Build.0 = Release|Any CPU
		{5FB6C52B-21D2-4D63-BA4D-53FF6FD5ED18}.Release_45|x86.ActiveCfg = Release|Any CPU
		{5FB6C52B-21D2-4D63-BA4D-53FF6FD5ED18}.Release_Mono_w_Linux|Any CPU.ActiveCfg = Release|Any CPU
		{5FB6C52B-21D2-4D63-BA4D-53FF6FD5ED18}.Release_Mono_w_Linux|Any CPU.Build.0 = Release|Any CPU
		{5FB6C52B-21D2-4D63-BA4D-53FF6FD5ED18}.Release_Mono_w_Linux|Mixed Platforms.ActiveCfg = Release|Any CPU
		{5FB6C52B-21D2-4D63-BA4D-53FF6FD5ED18}.Release_Mono_w_Linux|Mixed Platforms.Build.0 = Release|Any CPU
		{5FB6C52B-21D2-4D63-BA4D-53FF6FD5ED18}.Release_Mono_w_Linux|x86.ActiveCfg = Release|Any CPU
		{5FB6C52B-21D2-4D63-BA4D-53FF6FD5ED18}.Release|Any CPU.ActiveCfg = Release|Any CPU
		{5FB6C52B-21D2-4D63-BA4D-53FF6FD5ED18}.Release|Any CPU.Build.0 = Release|Any CPU
		{5FB6C52B-21D2-4D63-BA4D-53FF6FD5ED18}.Release|Mixed Platforms.ActiveCfg = Release|Any CPU
		{5FB6C52B-21D2-4D63-BA4D-53FF6FD5ED18}.Release|Mixed Platforms.Build.0 = Release|Any CPU
		{5FB6C52B-21D2-4D63-BA4D-53FF6FD5ED18}.Release|x86.ActiveCfg = Release|Any CPU
		{5FB6C52B-21D2-4D63-BA4D-53FF6FD5ED18}.Release|x86.Build.0 = Release|Any CPU
		{FC1A3C9B-BF36-4EB7-B216-4CAAF53056B4}.Debug Release|Any CPU.ActiveCfg = Release|Any CPU
		{FC1A3C9B-BF36-4EB7-B216-4CAAF53056B4}.Debug Release|Any CPU.Build.0 = Release|Any CPU
		{FC1A3C9B-BF36-4EB7-B216-4CAAF53056B4}.Debug Release|Mixed Platforms.ActiveCfg = Release|Any CPU
		{FC1A3C9B-BF36-4EB7-B216-4CAAF53056B4}.Debug Release|Mixed Platforms.Build.0 = Release|Any CPU
		{FC1A3C9B-BF36-4EB7-B216-4CAAF53056B4}.Debug Release|x86.ActiveCfg = Release|Any CPU
		{FC1A3C9B-BF36-4EB7-B216-4CAAF53056B4}.Debug|Any CPU.ActiveCfg = Debug|Any CPU
		{FC1A3C9B-BF36-4EB7-B216-4CAAF53056B4}.Debug|Any CPU.Build.0 = Debug|Any CPU
		{FC1A3C9B-BF36-4EB7-B216-4CAAF53056B4}.Debug|Mixed Platforms.ActiveCfg = Debug|Any CPU
		{FC1A3C9B-BF36-4EB7-B216-4CAAF53056B4}.Debug|Mixed Platforms.Build.0 = Debug|Any CPU
		{FC1A3C9B-BF36-4EB7-B216-4CAAF53056B4}.Debug|x86.ActiveCfg = Debug|Any CPU
		{FC1A3C9B-BF36-4EB7-B216-4CAAF53056B4}.Debug|x86.Build.0 = Debug|Any CPU
		{FC1A3C9B-BF36-4EB7-B216-4CAAF53056B4}.Release_40|Any CPU.ActiveCfg = Release|Any CPU
		{FC1A3C9B-BF36-4EB7-B216-4CAAF53056B4}.Release_40|Any CPU.Build.0 = Release|Any CPU
		{FC1A3C9B-BF36-4EB7-B216-4CAAF53056B4}.Release_40|Mixed Platforms.ActiveCfg = Release|Any CPU
		{FC1A3C9B-BF36-4EB7-B216-4CAAF53056B4}.Release_40|Mixed Platforms.Build.0 = Release|Any CPU
		{FC1A3C9B-BF36-4EB7-B216-4CAAF53056B4}.Release_40|x86.ActiveCfg = Release|Any CPU
		{FC1A3C9B-BF36-4EB7-B216-4CAAF53056B4}.Release_45|Any CPU.ActiveCfg = Release|Any CPU
		{FC1A3C9B-BF36-4EB7-B216-4CAAF53056B4}.Release_45|Any CPU.Build.0 = Release|Any CPU
		{FC1A3C9B-BF36-4EB7-B216-4CAAF53056B4}.Release_45|Mixed Platforms.ActiveCfg = Release|Any CPU
		{FC1A3C9B-BF36-4EB7-B216-4CAAF53056B4}.Release_45|Mixed Platforms.Build.0 = Release|Any CPU
		{FC1A3C9B-BF36-4EB7-B216-4CAAF53056B4}.Release_45|x86.ActiveCfg = Release|Any CPU
		{FC1A3C9B-BF36-4EB7-B216-4CAAF53056B4}.Release_Mono_w_Linux|Any CPU.ActiveCfg = Release|Any CPU
		{FC1A3C9B-BF36-4EB7-B216-4CAAF53056B4}.Release_Mono_w_Linux|Any CPU.Build.0 = Release|Any CPU
		{FC1A3C9B-BF36-4EB7-B216-4CAAF53056B4}.Release_Mono_w_Linux|Mixed Platforms.ActiveCfg = Release|Any CPU
		{FC1A3C9B-BF36-4EB7-B216-4CAAF53056B4}.Release_Mono_w_Linux|Mixed Platforms.Build.0 = Release|Any CPU
		{FC1A3C9B-BF36-4EB7-B216-4CAAF53056B4}.Release_Mono_w_Linux|x86.ActiveCfg = Release|Any CPU
		{FC1A3C9B-BF36-4EB7-B216-4CAAF53056B4}.Release|Any CPU.ActiveCfg = Release|Any CPU
		{FC1A3C9B-BF36-4EB7-B216-4CAAF53056B4}.Release|Any CPU.Build.0 = Release|Any CPU
		{FC1A3C9B-BF36-4EB7-B216-4CAAF53056B4}.Release|Mixed Platforms.ActiveCfg = Release|Any CPU
		{FC1A3C9B-BF36-4EB7-B216-4CAAF53056B4}.Release|Mixed Platforms.Build.0 = Release|Any CPU
		{FC1A3C9B-BF36-4EB7-B216-4CAAF53056B4}.Release|x86.ActiveCfg = Release|Any CPU
		{FC1A3C9B-BF36-4EB7-B216-4CAAF53056B4}.Release|x86.Build.0 = Release|Any CPU
		{F8A5FAF3-7CE1-4EC6-96E0-2B8229C29734}.Debug Release|Any CPU.ActiveCfg = Release|Any CPU
		{F8A5FAF3-7CE1-4EC6-96E0-2B8229C29734}.Debug Release|Any CPU.Build.0 = Release|Any CPU
		{F8A5FAF3-7CE1-4EC6-96E0-2B8229C29734}.Debug Release|Mixed Platforms.ActiveCfg = Release|Any CPU
		{F8A5FAF3-7CE1-4EC6-96E0-2B8229C29734}.Debug Release|Mixed Platforms.Build.0 = Release|Any CPU
		{F8A5FAF3-7CE1-4EC6-96E0-2B8229C29734}.Debug Release|x86.ActiveCfg = Release|Any CPU
		{F8A5FAF3-7CE1-4EC6-96E0-2B8229C29734}.Debug|Any CPU.ActiveCfg = Debug|Any CPU
		{F8A5FAF3-7CE1-4EC6-96E0-2B8229C29734}.Debug|Any CPU.Build.0 = Debug|Any CPU
		{F8A5FAF3-7CE1-4EC6-96E0-2B8229C29734}.Debug|Mixed Platforms.ActiveCfg = Debug|Any CPU
		{F8A5FAF3-7CE1-4EC6-96E0-2B8229C29734}.Debug|Mixed Platforms.Build.0 = Debug|Any CPU
		{F8A5FAF3-7CE1-4EC6-96E0-2B8229C29734}.Debug|x86.ActiveCfg = Debug|Any CPU
		{F8A5FAF3-7CE1-4EC6-96E0-2B8229C29734}.Debug|x86.Build.0 = Debug|Any CPU
		{F8A5FAF3-7CE1-4EC6-96E0-2B8229C29734}.Release_40|Any CPU.ActiveCfg = Release|Any CPU
		{F8A5FAF3-7CE1-4EC6-96E0-2B8229C29734}.Release_40|Any CPU.Build.0 = Release|Any CPU
		{F8A5FAF3-7CE1-4EC6-96E0-2B8229C29734}.Release_40|Mixed Platforms.ActiveCfg = Release|Any CPU
		{F8A5FAF3-7CE1-4EC6-96E0-2B8229C29734}.Release_40|Mixed Platforms.Build.0 = Release|Any CPU
		{F8A5FAF3-7CE1-4EC6-96E0-2B8229C29734}.Release_40|x86.ActiveCfg = Release|Any CPU
		{F8A5FAF3-7CE1-4EC6-96E0-2B8229C29734}.Release_45|Any CPU.ActiveCfg = Release|Any CPU
		{F8A5FAF3-7CE1-4EC6-96E0-2B8229C29734}.Release_45|Any CPU.Build.0 = Release|Any CPU
		{F8A5FAF3-7CE1-4EC6-96E0-2B8229C29734}.Release_45|Mixed Platforms.ActiveCfg = Release|Any CPU
		{F8A5FAF3-7CE1-4EC6-96E0-2B8229C29734}.Release_45|Mixed Platforms.Build.0 = Release|Any CPU
		{F8A5FAF3-7CE1-4EC6-96E0-2B8229C29734}.Release_45|x86.ActiveCfg = Release|Any CPU
		{F8A5FAF3-7CE1-4EC6-96E0-2B8229C29734}.Release_Mono_w_Linux|Any CPU.ActiveCfg = Release|Any CPU
		{F8A5FAF3-7CE1-4EC6-96E0-2B8229C29734}.Release_Mono_w_Linux|Any CPU.Build.0 = Release|Any CPU
		{F8A5FAF3-7CE1-4EC6-96E0-2B8229C29734}.Release_Mono_w_Linux|Mixed Platforms.ActiveCfg = Release|Any CPU
		{F8A5FAF3-7CE1-4EC6-96E0-2B8229C29734}.Release_Mono_w_Linux|Mixed Platforms.Build.0 = Release|Any CPU
		{F8A5FAF3-7CE1-4EC6-96E0-2B8229C29734}.Release_Mono_w_Linux|x86.ActiveCfg = Release|Any CPU
		{F8A5FAF3-7CE1-4EC6-96E0-2B8229C29734}.Release|Any CPU.ActiveCfg = Release|Any CPU
		{F8A5FAF3-7CE1-4EC6-96E0-2B8229C29734}.Release|Any CPU.Build.0 = Release|Any CPU
		{F8A5FAF3-7CE1-4EC6-96E0-2B8229C29734}.Release|Mixed Platforms.ActiveCfg = Release|Any CPU
		{F8A5FAF3-7CE1-4EC6-96E0-2B8229C29734}.Release|Mixed Platforms.Build.0 = Release|Any CPU
		{F8A5FAF3-7CE1-4EC6-96E0-2B8229C29734}.Release|x86.ActiveCfg = Release|Any CPU
		{F8A5FAF3-7CE1-4EC6-96E0-2B8229C29734}.Release|x86.Build.0 = Release|Any CPU
		{63EB617C-2160-494D-BE94-4FCBDF5A1689}.Debug Release|Any CPU.ActiveCfg = Release|Any CPU
		{63EB617C-2160-494D-BE94-4FCBDF5A1689}.Debug Release|Any CPU.Build.0 = Release|Any CPU
		{63EB617C-2160-494D-BE94-4FCBDF5A1689}.Debug Release|Mixed Platforms.ActiveCfg = Release|Any CPU
		{63EB617C-2160-494D-BE94-4FCBDF5A1689}.Debug Release|Mixed Platforms.Build.0 = Release|Any CPU
		{63EB617C-2160-494D-BE94-4FCBDF5A1689}.Debug Release|x86.ActiveCfg = Release|Any CPU
		{63EB617C-2160-494D-BE94-4FCBDF5A1689}.Debug|Any CPU.ActiveCfg = Debug|Any CPU
		{63EB617C-2160-494D-BE94-4FCBDF5A1689}.Debug|Any CPU.Build.0 = Debug|Any CPU
		{63EB617C-2160-494D-BE94-4FCBDF5A1689}.Debug|Mixed Platforms.ActiveCfg = Debug|Any CPU
		{63EB617C-2160-494D-BE94-4FCBDF5A1689}.Debug|Mixed Platforms.Build.0 = Debug|Any CPU
		{63EB617C-2160-494D-BE94-4FCBDF5A1689}.Debug|x86.ActiveCfg = Debug|Any CPU
		{63EB617C-2160-494D-BE94-4FCBDF5A1689}.Debug|x86.Build.0 = Debug|Any CPU
		{63EB617C-2160-494D-BE94-4FCBDF5A1689}.Release_40|Any CPU.ActiveCfg = Release|Any CPU
		{63EB617C-2160-494D-BE94-4FCBDF5A1689}.Release_40|Any CPU.Build.0 = Release|Any CPU
		{63EB617C-2160-494D-BE94-4FCBDF5A1689}.Release_40|Mixed Platforms.ActiveCfg = Release|Any CPU
		{63EB617C-2160-494D-BE94-4FCBDF5A1689}.Release_40|Mixed Platforms.Build.0 = Release|Any CPU
		{63EB617C-2160-494D-BE94-4FCBDF5A1689}.Release_40|x86.ActiveCfg = Release|Any CPU
		{63EB617C-2160-494D-BE94-4FCBDF5A1689}.Release_45|Any CPU.ActiveCfg = Release|Any CPU
		{63EB617C-2160-494D-BE94-4FCBDF5A1689}.Release_45|Any CPU.Build.0 = Release|Any CPU
		{63EB617C-2160-494D-BE94-4FCBDF5A1689}.Release_45|Mixed Platforms.ActiveCfg = Release|Any CPU
		{63EB617C-2160-494D-BE94-4FCBDF5A1689}.Release_45|Mixed Platforms.Build.0 = Release|Any CPU
		{63EB617C-2160-494D-BE94-4FCBDF5A1689}.Release_45|x86.ActiveCfg = Release|Any CPU
		{63EB617C-2160-494D-BE94-4FCBDF5A1689}.Release_Mono_w_Linux|Any CPU.ActiveCfg = Release|Any CPU
		{63EB617C-2160-494D-BE94-4FCBDF5A1689}.Release_Mono_w_Linux|Any CPU.Build.0 = Release|Any CPU
		{63EB617C-2160-494D-BE94-4FCBDF5A1689}.Release_Mono_w_Linux|Mixed Platforms.ActiveCfg = Release|Any CPU
		{63EB617C-2160-494D-BE94-4FCBDF5A1689}.Release_Mono_w_Linux|Mixed Platforms.Build.0 = Release|Any CPU
		{63EB617C-2160-494D-BE94-4FCBDF5A1689}.Release_Mono_w_Linux|x86.ActiveCfg = Release|Any CPU
		{63EB617C-2160-494D-BE94-4FCBDF5A1689}.Release|Any CPU.ActiveCfg = Release|Any CPU
		{63EB617C-2160-494D-BE94-4FCBDF5A1689}.Release|Any CPU.Build.0 = Release|Any CPU
		{63EB617C-2160-494D-BE94-4FCBDF5A1689}.Release|Mixed Platforms.ActiveCfg = Release|Any CPU
		{63EB617C-2160-494D-BE94-4FCBDF5A1689}.Release|Mixed Platforms.Build.0 = Release|Any CPU
		{63EB617C-2160-494D-BE94-4FCBDF5A1689}.Release|x86.ActiveCfg = Release|Any CPU
		{63EB617C-2160-494D-BE94-4FCBDF5A1689}.Release|x86.Build.0 = Release|Any CPU
		{A1C737AD-9B3C-4FC5-A334-E4C3F7C94CDC}.Debug Release|Any CPU.ActiveCfg = Release|Any CPU
		{A1C737AD-9B3C-4FC5-A334-E4C3F7C94CDC}.Debug Release|Any CPU.Build.0 = Release|Any CPU
		{A1C737AD-9B3C-4FC5-A334-E4C3F7C94CDC}.Debug Release|Mixed Platforms.ActiveCfg = Release|Any CPU
		{A1C737AD-9B3C-4FC5-A334-E4C3F7C94CDC}.Debug Release|Mixed Platforms.Build.0 = Release|Any CPU
		{A1C737AD-9B3C-4FC5-A334-E4C3F7C94CDC}.Debug Release|x86.ActiveCfg = Release|Any CPU
		{A1C737AD-9B3C-4FC5-A334-E4C3F7C94CDC}.Debug|Any CPU.ActiveCfg = Debug|Any CPU
		{A1C737AD-9B3C-4FC5-A334-E4C3F7C94CDC}.Debug|Any CPU.Build.0 = Debug|Any CPU
		{A1C737AD-9B3C-4FC5-A334-E4C3F7C94CDC}.Debug|Mixed Platforms.ActiveCfg = Debug|Any CPU
		{A1C737AD-9B3C-4FC5-A334-E4C3F7C94CDC}.Debug|Mixed Platforms.Build.0 = Debug|Any CPU
		{A1C737AD-9B3C-4FC5-A334-E4C3F7C94CDC}.Debug|x86.ActiveCfg = Debug|Any CPU
		{A1C737AD-9B3C-4FC5-A334-E4C3F7C94CDC}.Debug|x86.Build.0 = Debug|Any CPU
		{A1C737AD-9B3C-4FC5-A334-E4C3F7C94CDC}.Release_40|Any CPU.ActiveCfg = Release|Any CPU
		{A1C737AD-9B3C-4FC5-A334-E4C3F7C94CDC}.Release_40|Any CPU.Build.0 = Release|Any CPU
		{A1C737AD-9B3C-4FC5-A334-E4C3F7C94CDC}.Release_40|Mixed Platforms.ActiveCfg = Release|Any CPU
		{A1C737AD-9B3C-4FC5-A334-E4C3F7C94CDC}.Release_40|Mixed Platforms.Build.0 = Release|Any CPU
		{A1C737AD-9B3C-4FC5-A334-E4C3F7C94CDC}.Release_40|x86.ActiveCfg = Release|Any CPU
		{A1C737AD-9B3C-4FC5-A334-E4C3F7C94CDC}.Release_45|Any CPU.ActiveCfg = Release|Any CPU
		{A1C737AD-9B3C-4FC5-A334-E4C3F7C94CDC}.Release_45|Any CPU.Build.0 = Release|Any CPU
		{A1C737AD-9B3C-4FC5-A334-E4C3F7C94CDC}.Release_45|Mixed Platforms.ActiveCfg = Release|Any CPU
		{A1C737AD-9B3C-4FC5-A334-E4C3F7C94CDC}.Release_45|Mixed Platforms.Build.0 = Release|Any CPU
		{A1C737AD-9B3C-4FC5-A334-E4C3F7C94CDC}.Release_45|x86.ActiveCfg = Release|Any CPU
		{A1C737AD-9B3C-4FC5-A334-E4C3F7C94CDC}.Release_Mono_w_Linux|Any CPU.ActiveCfg = Release|Any CPU
		{A1C737AD-9B3C-4FC5-A334-E4C3F7C94CDC}.Release_Mono_w_Linux|Any CPU.Build.0 = Release|Any CPU
		{A1C737AD-9B3C-4FC5-A334-E4C3F7C94CDC}.Release_Mono_w_Linux|Mixed Platforms.ActiveCfg = Release|Any CPU
		{A1C737AD-9B3C-4FC5-A334-E4C3F7C94CDC}.Release_Mono_w_Linux|Mixed Platforms.Build.0 = Release|Any CPU
		{A1C737AD-9B3C-4FC5-A334-E4C3F7C94CDC}.Release_Mono_w_Linux|x86.ActiveCfg = Release|Any CPU
		{A1C737AD-9B3C-4FC5-A334-E4C3F7C94CDC}.Release|Any CPU.ActiveCfg = Release|Any CPU
		{A1C737AD-9B3C-4FC5-A334-E4C3F7C94CDC}.Release|Any CPU.Build.0 = Release|Any CPU
		{A1C737AD-9B3C-4FC5-A334-E4C3F7C94CDC}.Release|Mixed Platforms.ActiveCfg = Release|Any CPU
		{A1C737AD-9B3C-4FC5-A334-E4C3F7C94CDC}.Release|Mixed Platforms.Build.0 = Release|Any CPU
		{A1C737AD-9B3C-4FC5-A334-E4C3F7C94CDC}.Release|x86.ActiveCfg = Release|Any CPU
		{A1C737AD-9B3C-4FC5-A334-E4C3F7C94CDC}.Release|x86.Build.0 = Release|Any CPU
		{0AA3043C-EC79-4F13-8252-96D21E6DD4F3}.Debug Release|Any CPU.ActiveCfg = Release|Any CPU
		{0AA3043C-EC79-4F13-8252-96D21E6DD4F3}.Debug Release|Any CPU.Build.0 = Release|Any CPU
		{0AA3043C-EC79-4F13-8252-96D21E6DD4F3}.Debug Release|Mixed Platforms.ActiveCfg = Release|Any CPU
		{0AA3043C-EC79-4F13-8252-96D21E6DD4F3}.Debug Release|Mixed Platforms.Build.0 = Release|Any CPU
		{0AA3043C-EC79-4F13-8252-96D21E6DD4F3}.Debug Release|x86.ActiveCfg = Release|Any CPU
		{0AA3043C-EC79-4F13-8252-96D21E6DD4F3}.Debug|Any CPU.ActiveCfg = Debug|Any CPU
		{0AA3043C-EC79-4F13-8252-96D21E6DD4F3}.Debug|Any CPU.Build.0 = Debug|Any CPU
		{0AA3043C-EC79-4F13-8252-96D21E6DD4F3}.Debug|Mixed Platforms.ActiveCfg = Debug|Any CPU
		{0AA3043C-EC79-4F13-8252-96D21E6DD4F3}.Debug|Mixed Platforms.Build.0 = Debug|Any CPU
		{0AA3043C-EC79-4F13-8252-96D21E6DD4F3}.Debug|x86.ActiveCfg = Debug|Any CPU
		{0AA3043C-EC79-4F13-8252-96D21E6DD4F3}.Debug|x86.Build.0 = Debug|Any CPU
		{0AA3043C-EC79-4F13-8252-96D21E6DD4F3}.Release_40|Any CPU.ActiveCfg = Release|Any CPU
		{0AA3043C-EC79-4F13-8252-96D21E6DD4F3}.Release_40|Any CPU.Build.0 = Release|Any CPU
		{0AA3043C-EC79-4F13-8252-96D21E6DD4F3}.Release_40|Mixed Platforms.ActiveCfg = Release|Any CPU
		{0AA3043C-EC79-4F13-8252-96D21E6DD4F3}.Release_40|Mixed Platforms.Build.0 = Release|Any CPU
		{0AA3043C-EC79-4F13-8252-96D21E6DD4F3}.Release_40|x86.ActiveCfg = Release|Any CPU
		{0AA3043C-EC79-4F13-8252-96D21E6DD4F3}.Release_45|Any CPU.ActiveCfg = Release|Any CPU
		{0AA3043C-EC79-4F13-8252-96D21E6DD4F3}.Release_45|Any CPU.Build.0 = Release|Any CPU
		{0AA3043C-EC79-4F13-8252-96D21E6DD4F3}.Release_45|Mixed Platforms.ActiveCfg = Release|Any CPU
		{0AA3043C-EC79-4F13-8252-96D21E6DD4F3}.Release_45|Mixed Platforms.Build.0 = Release|Any CPU
		{0AA3043C-EC79-4F13-8252-96D21E6DD4F3}.Release_45|x86.ActiveCfg = Release|Any CPU
		{0AA3043C-EC79-4F13-8252-96D21E6DD4F3}.Release_Mono_w_Linux|Any CPU.ActiveCfg = Release|Any CPU
		{0AA3043C-EC79-4F13-8252-96D21E6DD4F3}.Release_Mono_w_Linux|Any CPU.Build.0 = Release|Any CPU
		{0AA3043C-EC79-4F13-8252-96D21E6DD4F3}.Release_Mono_w_Linux|Mixed Platforms.ActiveCfg = Release|Any CPU
		{0AA3043C-EC79-4F13-8252-96D21E6DD4F3}.Release_Mono_w_Linux|Mixed Platforms.Build.0 = Release|Any CPU
		{0AA3043C-EC79-4F13-8252-96D21E6DD4F3}.Release_Mono_w_Linux|x86.ActiveCfg = Release|Any CPU
		{0AA3043C-EC79-4F13-8252-96D21E6DD4F3}.Release|Any CPU.ActiveCfg = Release|Any CPU
		{0AA3043C-EC79-4F13-8252-96D21E6DD4F3}.Release|Any CPU.Build.0 = Release|Any CPU
		{0AA3043C-EC79-4F13-8252-96D21E6DD4F3}.Release|Mixed Platforms.ActiveCfg = Release|Any CPU
		{0AA3043C-EC79-4F13-8252-96D21E6DD4F3}.Release|Mixed Platforms.Build.0 = Release|Any CPU
		{0AA3043C-EC79-4F13-8252-96D21E6DD4F3}.Release|x86.ActiveCfg = Release|Any CPU
		{0AA3043C-EC79-4F13-8252-96D21E6DD4F3}.Release|x86.Build.0 = Release|Any CPU
		{9FF6D23F-0160-4767-9438-A1A8754F9615}.Debug Release|Any CPU.ActiveCfg = Release|Any CPU
		{9FF6D23F-0160-4767-9438-A1A8754F9615}.Debug Release|Any CPU.Build.0 = Release|Any CPU
		{9FF6D23F-0160-4767-9438-A1A8754F9615}.Debug Release|Mixed Platforms.ActiveCfg = Release|Any CPU
		{9FF6D23F-0160-4767-9438-A1A8754F9615}.Debug Release|Mixed Platforms.Build.0 = Release|Any CPU
		{9FF6D23F-0160-4767-9438-A1A8754F9615}.Debug Release|x86.ActiveCfg = Release|Any CPU
		{9FF6D23F-0160-4767-9438-A1A8754F9615}.Debug|Any CPU.ActiveCfg = Debug|Any CPU
		{9FF6D23F-0160-4767-9438-A1A8754F9615}.Debug|Any CPU.Build.0 = Debug|Any CPU
		{9FF6D23F-0160-4767-9438-A1A8754F9615}.Debug|Mixed Platforms.ActiveCfg = Debug|Any CPU
		{9FF6D23F-0160-4767-9438-A1A8754F9615}.Debug|Mixed Platforms.Build.0 = Debug|Any CPU
		{9FF6D23F-0160-4767-9438-A1A8754F9615}.Debug|x86.ActiveCfg = Debug|Any CPU
		{9FF6D23F-0160-4767-9438-A1A8754F9615}.Debug|x86.Build.0 = Debug|Any CPU
		{9FF6D23F-0160-4767-9438-A1A8754F9615}.Release_40|Any CPU.ActiveCfg = Release|Any CPU
		{9FF6D23F-0160-4767-9438-A1A8754F9615}.Release_40|Any CPU.Build.0 = Release|Any CPU
		{9FF6D23F-0160-4767-9438-A1A8754F9615}.Release_40|Mixed Platforms.ActiveCfg = Release|Any CPU
		{9FF6D23F-0160-4767-9438-A1A8754F9615}.Release_40|Mixed Platforms.Build.0 = Release|Any CPU
		{9FF6D23F-0160-4767-9438-A1A8754F9615}.Release_40|x86.ActiveCfg = Release|Any CPU
		{9FF6D23F-0160-4767-9438-A1A8754F9615}.Release_45|Any CPU.ActiveCfg = Release|Any CPU
		{9FF6D23F-0160-4767-9438-A1A8754F9615}.Release_45|Any CPU.Build.0 = Release|Any CPU
		{9FF6D23F-0160-4767-9438-A1A8754F9615}.Release_45|Mixed Platforms.ActiveCfg = Release|Any CPU
		{9FF6D23F-0160-4767-9438-A1A8754F9615}.Release_45|Mixed Platforms.Build.0 = Release|Any CPU
		{9FF6D23F-0160-4767-9438-A1A8754F9615}.Release_45|x86.ActiveCfg = Release|Any CPU
		{9FF6D23F-0160-4767-9438-A1A8754F9615}.Release_Mono_w_Linux|Any CPU.ActiveCfg = Release|Any CPU
		{9FF6D23F-0160-4767-9438-A1A8754F9615}.Release_Mono_w_Linux|Any CPU.Build.0 = Release|Any CPU
		{9FF6D23F-0160-4767-9438-A1A8754F9615}.Release_Mono_w_Linux|Mixed Platforms.ActiveCfg = Release|Any CPU
		{9FF6D23F-0160-4767-9438-A1A8754F9615}.Release_Mono_w_Linux|Mixed Platforms.Build.0 = Release|Any CPU
		{9FF6D23F-0160-4767-9438-A1A8754F9615}.Release_Mono_w_Linux|x86.ActiveCfg = Release|Any CPU
		{9FF6D23F-0160-4767-9438-A1A8754F9615}.Release|Any CPU.ActiveCfg = Release|Any CPU
		{9FF6D23F-0160-4767-9438-A1A8754F9615}.Release|Any CPU.Build.0 = Release|Any CPU
		{9FF6D23F-0160-4767-9438-A1A8754F9615}.Release|Mixed Platforms.ActiveCfg = Release|Any CPU
		{9FF6D23F-0160-4767-9438-A1A8754F9615}.Release|Mixed Platforms.Build.0 = Release|Any CPU
		{9FF6D23F-0160-4767-9438-A1A8754F9615}.Release|x86.ActiveCfg = Release|Any CPU
		{9FF6D23F-0160-4767-9438-A1A8754F9615}.Release|x86.Build.0 = Release|Any CPU
		{39291690-C166-46B2-B533-FA6A176A1C77}.Debug Release|Any CPU.ActiveCfg = Release|Any CPU
		{39291690-C166-46B2-B533-FA6A176A1C77}.Debug Release|Any CPU.Build.0 = Release|Any CPU
		{39291690-C166-46B2-B533-FA6A176A1C77}.Debug Release|Mixed Platforms.ActiveCfg = Release|Any CPU
		{39291690-C166-46B2-B533-FA6A176A1C77}.Debug Release|Mixed Platforms.Build.0 = Release|Any CPU
		{39291690-C166-46B2-B533-FA6A176A1C77}.Debug Release|x86.ActiveCfg = Release|Any CPU
		{39291690-C166-46B2-B533-FA6A176A1C77}.Debug|Any CPU.ActiveCfg = Debug|Any CPU
		{39291690-C166-46B2-B533-FA6A176A1C77}.Debug|Any CPU.Build.0 = Debug|Any CPU
		{39291690-C166-46B2-B533-FA6A176A1C77}.Debug|Mixed Platforms.ActiveCfg = Debug|Any CPU
		{39291690-C166-46B2-B533-FA6A176A1C77}.Debug|Mixed Platforms.Build.0 = Debug|Any CPU
		{39291690-C166-46B2-B533-FA6A176A1C77}.Debug|x86.ActiveCfg = Debug|Any CPU
		{39291690-C166-46B2-B533-FA6A176A1C77}.Debug|x86.Build.0 = Debug|Any CPU
		{39291690-C166-46B2-B533-FA6A176A1C77}.Release_40|Any CPU.ActiveCfg = Release|Any CPU
		{39291690-C166-46B2-B533-FA6A176A1C77}.Release_40|Any CPU.Build.0 = Release|Any CPU
		{39291690-C166-46B2-B533-FA6A176A1C77}.Release_40|Mixed Platforms.ActiveCfg = Release|Any CPU
		{39291690-C166-46B2-B533-FA6A176A1C77}.Release_40|Mixed Platforms.Build.0 = Release|Any CPU
		{39291690-C166-46B2-B533-FA6A176A1C77}.Release_40|x86.ActiveCfg = Release|Any CPU
		{39291690-C166-46B2-B533-FA6A176A1C77}.Release_45|Any CPU.ActiveCfg = Release|Any CPU
		{39291690-C166-46B2-B533-FA6A176A1C77}.Release_45|Any CPU.Build.0 = Release|Any CPU
		{39291690-C166-46B2-B533-FA6A176A1C77}.Release_45|Mixed Platforms.ActiveCfg = Release|Any CPU
		{39291690-C166-46B2-B533-FA6A176A1C77}.Release_45|Mixed Platforms.Build.0 = Release|Any CPU
		{39291690-C166-46B2-B533-FA6A176A1C77}.Release_45|x86.ActiveCfg = Release|Any CPU
		{39291690-C166-46B2-B533-FA6A176A1C77}.Release_Mono_w_Linux|Any CPU.ActiveCfg = Release|Any CPU
		{39291690-C166-46B2-B533-FA6A176A1C77}.Release_Mono_w_Linux|Any CPU.Build.0 = Release|Any CPU
		{39291690-C166-46B2-B533-FA6A176A1C77}.Release_Mono_w_Linux|Mixed Platforms.ActiveCfg = Release|Any CPU
		{39291690-C166-46B2-B533-FA6A176A1C77}.Release_Mono_w_Linux|Mixed Platforms.Build.0 = Release|Any CPU
		{39291690-C166-46B2-B533-FA6A176A1C77}.Release_Mono_w_Linux|x86.ActiveCfg = Release|Any CPU
		{39291690-C166-46B2-B533-FA6A176A1C77}.Release|Any CPU.ActiveCfg = Release|Any CPU
		{39291690-C166-46B2-B533-FA6A176A1C77}.Release|Any CPU.Build.0 = Release|Any CPU
		{39291690-C166-46B2-B533-FA6A176A1C77}.Release|Mixed Platforms.ActiveCfg = Release|Any CPU
		{39291690-C166-46B2-B533-FA6A176A1C77}.Release|Mixed Platforms.Build.0 = Release|Any CPU
		{39291690-C166-46B2-B533-FA6A176A1C77}.Release|x86.ActiveCfg = Release|Any CPU
		{39291690-C166-46B2-B533-FA6A176A1C77}.Release|x86.Build.0 = Release|Any CPU
		{3C40E1AD-6E45-4763-9D47-9F7CD3E9C07A}.Debug Release|Any CPU.ActiveCfg = Release|Any CPU
		{3C40E1AD-6E45-4763-9D47-9F7CD3E9C07A}.Debug Release|Any CPU.Build.0 = Release|Any CPU
		{3C40E1AD-6E45-4763-9D47-9F7CD3E9C07A}.Debug Release|Mixed Platforms.ActiveCfg = Release|Any CPU
		{3C40E1AD-6E45-4763-9D47-9F7CD3E9C07A}.Debug Release|Mixed Platforms.Build.0 = Release|Any CPU
		{3C40E1AD-6E45-4763-9D47-9F7CD3E9C07A}.Debug Release|x86.ActiveCfg = Release|Any CPU
		{3C40E1AD-6E45-4763-9D47-9F7CD3E9C07A}.Debug|Any CPU.ActiveCfg = Debug|Any CPU
		{3C40E1AD-6E45-4763-9D47-9F7CD3E9C07A}.Debug|Any CPU.Build.0 = Debug|Any CPU
		{3C40E1AD-6E45-4763-9D47-9F7CD3E9C07A}.Debug|Mixed Platforms.ActiveCfg = Debug|Any CPU
		{3C40E1AD-6E45-4763-9D47-9F7CD3E9C07A}.Debug|Mixed Platforms.Build.0 = Debug|Any CPU
		{3C40E1AD-6E45-4763-9D47-9F7CD3E9C07A}.Debug|x86.ActiveCfg = Debug|Any CPU
		{3C40E1AD-6E45-4763-9D47-9F7CD3E9C07A}.Debug|x86.Build.0 = Debug|Any CPU
		{3C40E1AD-6E45-4763-9D47-9F7CD3E9C07A}.Release_40|Any CPU.ActiveCfg = Release|Any CPU
		{3C40E1AD-6E45-4763-9D47-9F7CD3E9C07A}.Release_40|Any CPU.Build.0 = Release|Any CPU
		{3C40E1AD-6E45-4763-9D47-9F7CD3E9C07A}.Release_40|Mixed Platforms.ActiveCfg = Release|Any CPU
		{3C40E1AD-6E45-4763-9D47-9F7CD3E9C07A}.Release_40|Mixed Platforms.Build.0 = Release|Any CPU
		{3C40E1AD-6E45-4763-9D47-9F7CD3E9C07A}.Release_40|x86.ActiveCfg = Release|Any CPU
		{3C40E1AD-6E45-4763-9D47-9F7CD3E9C07A}.Release_45|Any CPU.ActiveCfg = Release|Any CPU
		{3C40E1AD-6E45-4763-9D47-9F7CD3E9C07A}.Release_45|Any CPU.Build.0 = Release|Any CPU
		{3C40E1AD-6E45-4763-9D47-9F7CD3E9C07A}.Release_45|Mixed Platforms.ActiveCfg = Release|Any CPU
		{3C40E1AD-6E45-4763-9D47-9F7CD3E9C07A}.Release_45|Mixed Platforms.Build.0 = Release|Any CPU
		{3C40E1AD-6E45-4763-9D47-9F7CD3E9C07A}.Release_45|x86.ActiveCfg = Release|Any CPU
		{3C40E1AD-6E45-4763-9D47-9F7CD3E9C07A}.Release_Mono_w_Linux|Any CPU.ActiveCfg = Release|Any CPU
		{3C40E1AD-6E45-4763-9D47-9F7CD3E9C07A}.Release_Mono_w_Linux|Any CPU.Build.0 = Release|Any CPU
		{3C40E1AD-6E45-4763-9D47-9F7CD3E9C07A}.Release_Mono_w_Linux|Mixed Platforms.ActiveCfg = Release|Any CPU
		{3C40E1AD-6E45-4763-9D47-9F7CD3E9C07A}.Release_Mono_w_Linux|Mixed Platforms.Build.0 = Release|Any CPU
		{3C40E1AD-6E45-4763-9D47-9F7CD3E9C07A}.Release_Mono_w_Linux|x86.ActiveCfg = Release|Any CPU
		{3C40E1AD-6E45-4763-9D47-9F7CD3E9C07A}.Release|Any CPU.ActiveCfg = Release|Any CPU
		{3C40E1AD-6E45-4763-9D47-9F7CD3E9C07A}.Release|Any CPU.Build.0 = Release|Any CPU
		{3C40E1AD-6E45-4763-9D47-9F7CD3E9C07A}.Release|Mixed Platforms.ActiveCfg = Release|Any CPU
		{3C40E1AD-6E45-4763-9D47-9F7CD3E9C07A}.Release|Mixed Platforms.Build.0 = Release|Any CPU
		{3C40E1AD-6E45-4763-9D47-9F7CD3E9C07A}.Release|x86.ActiveCfg = Release|Any CPU
		{3C40E1AD-6E45-4763-9D47-9F7CD3E9C07A}.Release|x86.Build.0 = Release|Any CPU
		{F6A4581A-ED72-4E9C-8A99-7A4D6A75A497}.Debug Release|Any CPU.ActiveCfg = Release|Any CPU
		{F6A4581A-ED72-4E9C-8A99-7A4D6A75A497}.Debug Release|Any CPU.Build.0 = Release|Any CPU
		{F6A4581A-ED72-4E9C-8A99-7A4D6A75A497}.Debug Release|Mixed Platforms.ActiveCfg = Release|Any CPU
		{F6A4581A-ED72-4E9C-8A99-7A4D6A75A497}.Debug Release|Mixed Platforms.Build.0 = Release|Any CPU
		{F6A4581A-ED72-4E9C-8A99-7A4D6A75A497}.Debug Release|x86.ActiveCfg = Release|Any CPU
		{F6A4581A-ED72-4E9C-8A99-7A4D6A75A497}.Debug|Any CPU.ActiveCfg = Debug|Any CPU
		{F6A4581A-ED72-4E9C-8A99-7A4D6A75A497}.Debug|Any CPU.Build.0 = Debug|Any CPU
		{F6A4581A-ED72-4E9C-8A99-7A4D6A75A497}.Debug|Mixed Platforms.ActiveCfg = Debug|Any CPU
		{F6A4581A-ED72-4E9C-8A99-7A4D6A75A497}.Debug|Mixed Platforms.Build.0 = Debug|Any CPU
		{F6A4581A-ED72-4E9C-8A99-7A4D6A75A497}.Debug|x86.ActiveCfg = Debug|Any CPU
		{F6A4581A-ED72-4E9C-8A99-7A4D6A75A497}.Debug|x86.Build.0 = Debug|Any CPU
		{F6A4581A-ED72-4E9C-8A99-7A4D6A75A497}.Release_40|Any CPU.ActiveCfg = Release|Any CPU
		{F6A4581A-ED72-4E9C-8A99-7A4D6A75A497}.Release_40|Any CPU.Build.0 = Release|Any CPU
		{F6A4581A-ED72-4E9C-8A99-7A4D6A75A497}.Release_40|Mixed Platforms.ActiveCfg = Release|Any CPU
		{F6A4581A-ED72-4E9C-8A99-7A4D6A75A497}.Release_40|Mixed Platforms.Build.0 = Release|Any CPU
		{F6A4581A-ED72-4E9C-8A99-7A4D6A75A497}.Release_40|x86.ActiveCfg = Release|Any CPU
		{F6A4581A-ED72-4E9C-8A99-7A4D6A75A497}.Release_45|Any CPU.ActiveCfg = Release|Any CPU
		{F6A4581A-ED72-4E9C-8A99-7A4D6A75A497}.Release_45|Any CPU.Build.0 = Release|Any CPU
		{F6A4581A-ED72-4E9C-8A99-7A4D6A75A497}.Release_45|Mixed Platforms.ActiveCfg = Release|Any CPU
		{F6A4581A-ED72-4E9C-8A99-7A4D6A75A497}.Release_45|Mixed Platforms.Build.0 = Release|Any CPU
		{F6A4581A-ED72-4E9C-8A99-7A4D6A75A497}.Release_45|x86.ActiveCfg = Release|Any CPU
		{F6A4581A-ED72-4E9C-8A99-7A4D6A75A497}.Release_Mono_w_Linux|Any CPU.ActiveCfg = Release|Any CPU
		{F6A4581A-ED72-4E9C-8A99-7A4D6A75A497}.Release_Mono_w_Linux|Any CPU.Build.0 = Release|Any CPU
		{F6A4581A-ED72-4E9C-8A99-7A4D6A75A497}.Release_Mono_w_Linux|Mixed Platforms.ActiveCfg = Release|Any CPU
		{F6A4581A-ED72-4E9C-8A99-7A4D6A75A497}.Release_Mono_w_Linux|Mixed Platforms.Build.0 = Release|Any CPU
		{F6A4581A-ED72-4E9C-8A99-7A4D6A75A497}.Release_Mono_w_Linux|x86.ActiveCfg = Release|Any CPU
		{F6A4581A-ED72-4E9C-8A99-7A4D6A75A497}.Release|Any CPU.ActiveCfg = Release|Any CPU
		{F6A4581A-ED72-4E9C-8A99-7A4D6A75A497}.Release|Any CPU.Build.0 = Release|Any CPU
		{F6A4581A-ED72-4E9C-8A99-7A4D6A75A497}.Release|Mixed Platforms.ActiveCfg = Release|Any CPU
		{F6A4581A-ED72-4E9C-8A99-7A4D6A75A497}.Release|Mixed Platforms.Build.0 = Release|Any CPU
		{F6A4581A-ED72-4E9C-8A99-7A4D6A75A497}.Release|x86.ActiveCfg = Release|Any CPU
		{F6A4581A-ED72-4E9C-8A99-7A4D6A75A497}.Release|x86.Build.0 = Release|Any CPU
		{1A1163A4-2C53-44A8-AF13-3CEA0624E572}.Debug Release|Any CPU.ActiveCfg = Release|Any CPU
		{1A1163A4-2C53-44A8-AF13-3CEA0624E572}.Debug Release|Any CPU.Build.0 = Release|Any CPU
		{1A1163A4-2C53-44A8-AF13-3CEA0624E572}.Debug Release|Mixed Platforms.ActiveCfg = Release|Any CPU
		{1A1163A4-2C53-44A8-AF13-3CEA0624E572}.Debug Release|Mixed Platforms.Build.0 = Release|Any CPU
		{1A1163A4-2C53-44A8-AF13-3CEA0624E572}.Debug Release|x86.ActiveCfg = Release|Any CPU
		{1A1163A4-2C53-44A8-AF13-3CEA0624E572}.Debug|Any CPU.ActiveCfg = Debug|Any CPU
		{1A1163A4-2C53-44A8-AF13-3CEA0624E572}.Debug|Any CPU.Build.0 = Debug|Any CPU
		{1A1163A4-2C53-44A8-AF13-3CEA0624E572}.Debug|Mixed Platforms.ActiveCfg = Debug|Any CPU
		{1A1163A4-2C53-44A8-AF13-3CEA0624E572}.Debug|Mixed Platforms.Build.0 = Debug|Any CPU
		{1A1163A4-2C53-44A8-AF13-3CEA0624E572}.Debug|x86.ActiveCfg = Debug|Any CPU
		{1A1163A4-2C53-44A8-AF13-3CEA0624E572}.Debug|x86.Build.0 = Debug|Any CPU
		{1A1163A4-2C53-44A8-AF13-3CEA0624E572}.Release_40|Any CPU.ActiveCfg = Release|Any CPU
		{1A1163A4-2C53-44A8-AF13-3CEA0624E572}.Release_40|Any CPU.Build.0 = Release|Any CPU
		{1A1163A4-2C53-44A8-AF13-3CEA0624E572}.Release_40|Mixed Platforms.ActiveCfg = Release|Any CPU
		{1A1163A4-2C53-44A8-AF13-3CEA0624E572}.Release_40|Mixed Platforms.Build.0 = Release|Any CPU
		{1A1163A4-2C53-44A8-AF13-3CEA0624E572}.Release_40|x86.ActiveCfg = Release|Any CPU
		{1A1163A4-2C53-44A8-AF13-3CEA0624E572}.Release_45|Any CPU.ActiveCfg = Release|Any CPU
		{1A1163A4-2C53-44A8-AF13-3CEA0624E572}.Release_45|Any CPU.Build.0 = Release|Any CPU
		{1A1163A4-2C53-44A8-AF13-3CEA0624E572}.Release_45|Mixed Platforms.ActiveCfg = Release|Any CPU
		{1A1163A4-2C53-44A8-AF13-3CEA0624E572}.Release_45|Mixed Platforms.Build.0 = Release|Any CPU
		{1A1163A4-2C53-44A8-AF13-3CEA0624E572}.Release_45|x86.ActiveCfg = Release|Any CPU
		{1A1163A4-2C53-44A8-AF13-3CEA0624E572}.Release_Mono_w_Linux|Any CPU.ActiveCfg = Release|Any CPU
		{1A1163A4-2C53-44A8-AF13-3CEA0624E572}.Release_Mono_w_Linux|Any CPU.Build.0 = Release|Any CPU
		{1A1163A4-2C53-44A8-AF13-3CEA0624E572}.Release_Mono_w_Linux|Mixed Platforms.ActiveCfg = Release|Any CPU
		{1A1163A4-2C53-44A8-AF13-3CEA0624E572}.Release_Mono_w_Linux|Mixed Platforms.Build.0 = Release|Any CPU
		{1A1163A4-2C53-44A8-AF13-3CEA0624E572}.Release_Mono_w_Linux|x86.ActiveCfg = Release|Any CPU
		{1A1163A4-2C53-44A8-AF13-3CEA0624E572}.Release|Any CPU.ActiveCfg = Release|Any CPU
		{1A1163A4-2C53-44A8-AF13-3CEA0624E572}.Release|Any CPU.Build.0 = Release|Any CPU
		{1A1163A4-2C53-44A8-AF13-3CEA0624E572}.Release|Mixed Platforms.ActiveCfg = Release|Any CPU
		{1A1163A4-2C53-44A8-AF13-3CEA0624E572}.Release|Mixed Platforms.Build.0 = Release|Any CPU
		{1A1163A4-2C53-44A8-AF13-3CEA0624E572}.Release|x86.ActiveCfg = Release|Any CPU
		{1A1163A4-2C53-44A8-AF13-3CEA0624E572}.Release|x86.Build.0 = Release|Any CPU
		{C5EA121E-69B3-499D-ACDE-C6DFD9779B73}.Debug Release|Any CPU.ActiveCfg = Debug Release|Any CPU
		{C5EA121E-69B3-499D-ACDE-C6DFD9779B73}.Debug Release|Any CPU.Build.0 = Debug Release|Any CPU
		{C5EA121E-69B3-499D-ACDE-C6DFD9779B73}.Debug Release|Mixed Platforms.ActiveCfg = Debug Release|Any CPU
		{C5EA121E-69B3-499D-ACDE-C6DFD9779B73}.Debug Release|Mixed Platforms.Build.0 = Debug Release|Any CPU
		{C5EA121E-69B3-499D-ACDE-C6DFD9779B73}.Debug Release|x86.ActiveCfg = Debug Release|Any CPU
		{C5EA121E-69B3-499D-ACDE-C6DFD9779B73}.Debug|Any CPU.ActiveCfg = Debug|Any CPU
		{C5EA121E-69B3-499D-ACDE-C6DFD9779B73}.Debug|Any CPU.Build.0 = Debug|Any CPU
		{C5EA121E-69B3-499D-ACDE-C6DFD9779B73}.Debug|Mixed Platforms.ActiveCfg = Debug|Any CPU
		{C5EA121E-69B3-499D-ACDE-C6DFD9779B73}.Debug|Mixed Platforms.Build.0 = Debug|Any CPU
		{C5EA121E-69B3-499D-ACDE-C6DFD9779B73}.Debug|x86.ActiveCfg = Debug|Any CPU
		{C5EA121E-69B3-499D-ACDE-C6DFD9779B73}.Debug|x86.Build.0 = Debug|Any CPU
		{C5EA121E-69B3-499D-ACDE-C6DFD9779B73}.Release_40|Any CPU.ActiveCfg = Release|Any CPU
		{C5EA121E-69B3-499D-ACDE-C6DFD9779B73}.Release_40|Any CPU.Build.0 = Release|Any CPU
		{C5EA121E-69B3-499D-ACDE-C6DFD9779B73}.Release_40|Mixed Platforms.ActiveCfg = Release|Any CPU
		{C5EA121E-69B3-499D-ACDE-C6DFD9779B73}.Release_40|Mixed Platforms.Build.0 = Release|Any CPU
		{C5EA121E-69B3-499D-ACDE-C6DFD9779B73}.Release_40|x86.ActiveCfg = Release|Any CPU
		{C5EA121E-69B3-499D-ACDE-C6DFD9779B73}.Release_45|Any CPU.ActiveCfg = Release|Any CPU
		{C5EA121E-69B3-499D-ACDE-C6DFD9779B73}.Release_45|Any CPU.Build.0 = Release|Any CPU
		{C5EA121E-69B3-499D-ACDE-C6DFD9779B73}.Release_45|Mixed Platforms.ActiveCfg = Release|Any CPU
		{C5EA121E-69B3-499D-ACDE-C6DFD9779B73}.Release_45|Mixed Platforms.Build.0 = Release|Any CPU
		{C5EA121E-69B3-499D-ACDE-C6DFD9779B73}.Release_45|x86.ActiveCfg = Release|Any CPU
		{C5EA121E-69B3-499D-ACDE-C6DFD9779B73}.Release_Mono_w_Linux|Any CPU.ActiveCfg = Release|Any CPU
		{C5EA121E-69B3-499D-ACDE-C6DFD9779B73}.Release_Mono_w_Linux|Any CPU.Build.0 = Release|Any CPU
		{C5EA121E-69B3-499D-ACDE-C6DFD9779B73}.Release_Mono_w_Linux|Mixed Platforms.ActiveCfg = Release|Any CPU
		{C5EA121E-69B3-499D-ACDE-C6DFD9779B73}.Release_Mono_w_Linux|Mixed Platforms.Build.0 = Release|Any CPU
		{C5EA121E-69B3-499D-ACDE-C6DFD9779B73}.Release_Mono_w_Linux|x86.ActiveCfg = Release|Any CPU
		{C5EA121E-69B3-499D-ACDE-C6DFD9779B73}.Release|Any CPU.ActiveCfg = Release|Any CPU
		{C5EA121E-69B3-499D-ACDE-C6DFD9779B73}.Release|Any CPU.Build.0 = Release|Any CPU
		{C5EA121E-69B3-499D-ACDE-C6DFD9779B73}.Release|Mixed Platforms.ActiveCfg = Release|Any CPU
		{C5EA121E-69B3-499D-ACDE-C6DFD9779B73}.Release|Mixed Platforms.Build.0 = Release|Any CPU
		{C5EA121E-69B3-499D-ACDE-C6DFD9779B73}.Release|x86.ActiveCfg = Release|Any CPU
		{C5EA121E-69B3-499D-ACDE-C6DFD9779B73}.Release|x86.Build.0 = Release|Any CPU
		{3444F493-5CBE-4D67-8BC9-1184E486C7E7}.Debug Release|Any CPU.ActiveCfg = Debug Release|Any CPU
		{3444F493-5CBE-4D67-8BC9-1184E486C7E7}.Debug Release|Any CPU.Build.0 = Debug Release|Any CPU
		{3444F493-5CBE-4D67-8BC9-1184E486C7E7}.Debug Release|Mixed Platforms.ActiveCfg = Debug Release|Any CPU
		{3444F493-5CBE-4D67-8BC9-1184E486C7E7}.Debug Release|Mixed Platforms.Build.0 = Debug Release|Any CPU
		{3444F493-5CBE-4D67-8BC9-1184E486C7E7}.Debug Release|x86.ActiveCfg = Debug Release|Any CPU
		{3444F493-5CBE-4D67-8BC9-1184E486C7E7}.Debug|Any CPU.ActiveCfg = Debug|Any CPU
		{3444F493-5CBE-4D67-8BC9-1184E486C7E7}.Debug|Any CPU.Build.0 = Debug|Any CPU
		{3444F493-5CBE-4D67-8BC9-1184E486C7E7}.Debug|Mixed Platforms.ActiveCfg = Debug|Any CPU
		{3444F493-5CBE-4D67-8BC9-1184E486C7E7}.Debug|Mixed Platforms.Build.0 = Debug|Any CPU
		{3444F493-5CBE-4D67-8BC9-1184E486C7E7}.Debug|x86.ActiveCfg = Debug|Any CPU
		{3444F493-5CBE-4D67-8BC9-1184E486C7E7}.Debug|x86.Build.0 = Debug|Any CPU
		{3444F493-5CBE-4D67-8BC9-1184E486C7E7}.Release_40|Any CPU.ActiveCfg = Release|Any CPU
		{3444F493-5CBE-4D67-8BC9-1184E486C7E7}.Release_40|Any CPU.Build.0 = Release|Any CPU
		{3444F493-5CBE-4D67-8BC9-1184E486C7E7}.Release_40|Mixed Platforms.ActiveCfg = Release|Any CPU
		{3444F493-5CBE-4D67-8BC9-1184E486C7E7}.Release_40|Mixed Platforms.Build.0 = Release|Any CPU
		{3444F493-5CBE-4D67-8BC9-1184E486C7E7}.Release_40|x86.ActiveCfg = Release|Any CPU
		{3444F493-5CBE-4D67-8BC9-1184E486C7E7}.Release_45|Any CPU.ActiveCfg = Release|Any CPU
		{3444F493-5CBE-4D67-8BC9-1184E486C7E7}.Release_45|Any CPU.Build.0 = Release|Any CPU
		{3444F493-5CBE-4D67-8BC9-1184E486C7E7}.Release_45|Mixed Platforms.ActiveCfg = Release|Any CPU
		{3444F493-5CBE-4D67-8BC9-1184E486C7E7}.Release_45|Mixed Platforms.Build.0 = Release|Any CPU
		{3444F493-5CBE-4D67-8BC9-1184E486C7E7}.Release_45|x86.ActiveCfg = Release|Any CPU
		{3444F493-5CBE-4D67-8BC9-1184E486C7E7}.Release_Mono_w_Linux|Any CPU.ActiveCfg = Release|Any CPU
		{3444F493-5CBE-4D67-8BC9-1184E486C7E7}.Release_Mono_w_Linux|Any CPU.Build.0 = Release|Any CPU
		{3444F493-5CBE-4D67-8BC9-1184E486C7E7}.Release_Mono_w_Linux|Mixed Platforms.ActiveCfg = Release|Any CPU
		{3444F493-5CBE-4D67-8BC9-1184E486C7E7}.Release_Mono_w_Linux|Mixed Platforms.Build.0 = Release|Any CPU
		{3444F493-5CBE-4D67-8BC9-1184E486C7E7}.Release_Mono_w_Linux|x86.ActiveCfg = Release|Any CPU
		{3444F493-5CBE-4D67-8BC9-1184E486C7E7}.Release|Any CPU.ActiveCfg = Release|Any CPU
		{3444F493-5CBE-4D67-8BC9-1184E486C7E7}.Release|Any CPU.Build.0 = Release|Any CPU
		{3444F493-5CBE-4D67-8BC9-1184E486C7E7}.Release|Mixed Platforms.ActiveCfg = Release|Any CPU
		{3444F493-5CBE-4D67-8BC9-1184E486C7E7}.Release|Mixed Platforms.Build.0 = Release|Any CPU
		{3444F493-5CBE-4D67-8BC9-1184E486C7E7}.Release|x86.ActiveCfg = Release|Any CPU
		{3444F493-5CBE-4D67-8BC9-1184E486C7E7}.Release|x86.Build.0 = Release|Any CPU
		{74DCE6C6-8044-438D-B16A-B01ADD05ADD0}.Debug Release|Any CPU.ActiveCfg = Debug Release|Any CPU
		{74DCE6C6-8044-438D-B16A-B01ADD05ADD0}.Debug Release|Any CPU.Build.0 = Debug Release|Any CPU
		{74DCE6C6-8044-438D-B16A-B01ADD05ADD0}.Debug Release|Mixed Platforms.ActiveCfg = Debug Release|Any CPU
		{74DCE6C6-8044-438D-B16A-B01ADD05ADD0}.Debug Release|Mixed Platforms.Build.0 = Debug Release|Any CPU
		{74DCE6C6-8044-438D-B16A-B01ADD05ADD0}.Debug Release|x86.ActiveCfg = Debug Release|Any CPU
		{74DCE6C6-8044-438D-B16A-B01ADD05ADD0}.Debug|Any CPU.ActiveCfg = Debug|Any CPU
		{74DCE6C6-8044-438D-B16A-B01ADD05ADD0}.Debug|Any CPU.Build.0 = Debug|Any CPU
		{74DCE6C6-8044-438D-B16A-B01ADD05ADD0}.Debug|Mixed Platforms.ActiveCfg = Debug|Any CPU
		{74DCE6C6-8044-438D-B16A-B01ADD05ADD0}.Debug|Mixed Platforms.Build.0 = Debug|Any CPU
		{74DCE6C6-8044-438D-B16A-B01ADD05ADD0}.Debug|x86.ActiveCfg = Debug|Any CPU
		{74DCE6C6-8044-438D-B16A-B01ADD05ADD0}.Debug|x86.Build.0 = Debug|Any CPU
		{74DCE6C6-8044-438D-B16A-B01ADD05ADD0}.Release_40|Any CPU.ActiveCfg = Release|Any CPU
		{74DCE6C6-8044-438D-B16A-B01ADD05ADD0}.Release_40|Any CPU.Build.0 = Release|Any CPU
		{74DCE6C6-8044-438D-B16A-B01ADD05ADD0}.Release_40|Mixed Platforms.ActiveCfg = Release|Any CPU
		{74DCE6C6-8044-438D-B16A-B01ADD05ADD0}.Release_40|Mixed Platforms.Build.0 = Release|Any CPU
		{74DCE6C6-8044-438D-B16A-B01ADD05ADD0}.Release_40|x86.ActiveCfg = Release|Any CPU
		{74DCE6C6-8044-438D-B16A-B01ADD05ADD0}.Release_45|Any CPU.ActiveCfg = Release|Any CPU
		{74DCE6C6-8044-438D-B16A-B01ADD05ADD0}.Release_45|Any CPU.Build.0 = Release|Any CPU
		{74DCE6C6-8044-438D-B16A-B01ADD05ADD0}.Release_45|Mixed Platforms.ActiveCfg = Release|Any CPU
		{74DCE6C6-8044-438D-B16A-B01ADD05ADD0}.Release_45|Mixed Platforms.Build.0 = Release|Any CPU
		{74DCE6C6-8044-438D-B16A-B01ADD05ADD0}.Release_45|x86.ActiveCfg = Release|Any CPU
		{74DCE6C6-8044-438D-B16A-B01ADD05ADD0}.Release_Mono_w_Linux|Any CPU.ActiveCfg = Release|Any CPU
		{74DCE6C6-8044-438D-B16A-B01ADD05ADD0}.Release_Mono_w_Linux|Any CPU.Build.0 = Release|Any CPU
		{74DCE6C6-8044-438D-B16A-B01ADD05ADD0}.Release_Mono_w_Linux|Mixed Platforms.ActiveCfg = Release|Any CPU
		{74DCE6C6-8044-438D-B16A-B01ADD05ADD0}.Release_Mono_w_Linux|Mixed Platforms.Build.0 = Release|Any CPU
		{74DCE6C6-8044-438D-B16A-B01ADD05ADD0}.Release_Mono_w_Linux|x86.ActiveCfg = Release|Any CPU
		{74DCE6C6-8044-438D-B16A-B01ADD05ADD0}.Release|Any CPU.ActiveCfg = Release|Any CPU
		{74DCE6C6-8044-438D-B16A-B01ADD05ADD0}.Release|Any CPU.Build.0 = Release|Any CPU
		{74DCE6C6-8044-438D-B16A-B01ADD05ADD0}.Release|Mixed Platforms.ActiveCfg = Release|Any CPU
		{74DCE6C6-8044-438D-B16A-B01ADD05ADD0}.Release|Mixed Platforms.Build.0 = Release|Any CPU
		{74DCE6C6-8044-438D-B16A-B01ADD05ADD0}.Release|x86.ActiveCfg = Release|Any CPU
		{74DCE6C6-8044-438D-B16A-B01ADD05ADD0}.Release|x86.Build.0 = Release|Any CPU
		{FB4558AA-3653-4281-999B-D78D99F23437}.Debug Release|Any CPU.ActiveCfg = Debug Release|Any CPU
		{FB4558AA-3653-4281-999B-D78D99F23437}.Debug Release|Any CPU.Build.0 = Debug Release|Any CPU
		{FB4558AA-3653-4281-999B-D78D99F23437}.Debug Release|Mixed Platforms.ActiveCfg = Debug Release|Any CPU
		{FB4558AA-3653-4281-999B-D78D99F23437}.Debug Release|Mixed Platforms.Build.0 = Debug Release|Any CPU
		{FB4558AA-3653-4281-999B-D78D99F23437}.Debug Release|x86.ActiveCfg = Debug Release|Any CPU
		{FB4558AA-3653-4281-999B-D78D99F23437}.Debug|Any CPU.ActiveCfg = Debug|Any CPU
		{FB4558AA-3653-4281-999B-D78D99F23437}.Debug|Any CPU.Build.0 = Debug|Any CPU
		{FB4558AA-3653-4281-999B-D78D99F23437}.Debug|Mixed Platforms.ActiveCfg = Debug|Any CPU
		{FB4558AA-3653-4281-999B-D78D99F23437}.Debug|Mixed Platforms.Build.0 = Debug|Any CPU
		{FB4558AA-3653-4281-999B-D78D99F23437}.Debug|x86.ActiveCfg = Debug|Any CPU
		{FB4558AA-3653-4281-999B-D78D99F23437}.Debug|x86.Build.0 = Debug|Any CPU
		{FB4558AA-3653-4281-999B-D78D99F23437}.Release_40|Any CPU.ActiveCfg = Release|Any CPU
		{FB4558AA-3653-4281-999B-D78D99F23437}.Release_40|Any CPU.Build.0 = Release|Any CPU
		{FB4558AA-3653-4281-999B-D78D99F23437}.Release_40|Mixed Platforms.ActiveCfg = Release|Any CPU
		{FB4558AA-3653-4281-999B-D78D99F23437}.Release_40|Mixed Platforms.Build.0 = Release|Any CPU
		{FB4558AA-3653-4281-999B-D78D99F23437}.Release_40|x86.ActiveCfg = Release|Any CPU
		{FB4558AA-3653-4281-999B-D78D99F23437}.Release_45|Any CPU.ActiveCfg = Release|Any CPU
		{FB4558AA-3653-4281-999B-D78D99F23437}.Release_45|Any CPU.Build.0 = Release|Any CPU
		{FB4558AA-3653-4281-999B-D78D99F23437}.Release_45|Mixed Platforms.ActiveCfg = Release|Any CPU
		{FB4558AA-3653-4281-999B-D78D99F23437}.Release_45|Mixed Platforms.Build.0 = Release|Any CPU
		{FB4558AA-3653-4281-999B-D78D99F23437}.Release_45|x86.ActiveCfg = Release|Any CPU
		{FB4558AA-3653-4281-999B-D78D99F23437}.Release_Mono_w_Linux|Any CPU.ActiveCfg = Release|Any CPU
		{FB4558AA-3653-4281-999B-D78D99F23437}.Release_Mono_w_Linux|Any CPU.Build.0 = Release|Any CPU
		{FB4558AA-3653-4281-999B-D78D99F23437}.Release_Mono_w_Linux|Mixed Platforms.ActiveCfg = Release|Any CPU
		{FB4558AA-3653-4281-999B-D78D99F23437}.Release_Mono_w_Linux|Mixed Platforms.Build.0 = Release|Any CPU
		{FB4558AA-3653-4281-999B-D78D99F23437}.Release_Mono_w_Linux|x86.ActiveCfg = Release|Any CPU
		{FB4558AA-3653-4281-999B-D78D99F23437}.Release|Any CPU.ActiveCfg = Release|Any CPU
		{FB4558AA-3653-4281-999B-D78D99F23437}.Release|Any CPU.Build.0 = Release|Any CPU
		{FB4558AA-3653-4281-999B-D78D99F23437}.Release|Mixed Platforms.ActiveCfg = Release|Any CPU
		{FB4558AA-3653-4281-999B-D78D99F23437}.Release|Mixed Platforms.Build.0 = Release|Any CPU
		{FB4558AA-3653-4281-999B-D78D99F23437}.Release|x86.ActiveCfg = Release|Any CPU
		{FB4558AA-3653-4281-999B-D78D99F23437}.Release|x86.Build.0 = Release|Any CPU
		{C2FCE2B7-4922-4314-88EB-9F32DBD9BCA3}.Debug Release|Any CPU.ActiveCfg = Release|Any CPU
		{C2FCE2B7-4922-4314-88EB-9F32DBD9BCA3}.Debug Release|Any CPU.Build.0 = Release|Any CPU
		{C2FCE2B7-4922-4314-88EB-9F32DBD9BCA3}.Debug Release|Mixed Platforms.ActiveCfg = Release|Any CPU
		{C2FCE2B7-4922-4314-88EB-9F32DBD9BCA3}.Debug Release|Mixed Platforms.Build.0 = Release|Any CPU
		{C2FCE2B7-4922-4314-88EB-9F32DBD9BCA3}.Debug Release|x86.ActiveCfg = Release|Any CPU
		{C2FCE2B7-4922-4314-88EB-9F32DBD9BCA3}.Debug Release|x86.Build.0 = Release|Any CPU
		{C2FCE2B7-4922-4314-88EB-9F32DBD9BCA3}.Debug|Any CPU.ActiveCfg = Debug|Any CPU
		{C2FCE2B7-4922-4314-88EB-9F32DBD9BCA3}.Debug|Any CPU.Build.0 = Debug|Any CPU
		{C2FCE2B7-4922-4314-88EB-9F32DBD9BCA3}.Debug|Mixed Platforms.ActiveCfg = Debug|Any CPU
		{C2FCE2B7-4922-4314-88EB-9F32DBD9BCA3}.Debug|Mixed Platforms.Build.0 = Debug|Any CPU
		{C2FCE2B7-4922-4314-88EB-9F32DBD9BCA3}.Debug|x86.ActiveCfg = Debug|Any CPU
		{C2FCE2B7-4922-4314-88EB-9F32DBD9BCA3}.Debug|x86.Build.0 = Debug|Any CPU
		{C2FCE2B7-4922-4314-88EB-9F32DBD9BCA3}.Release_40|Any CPU.ActiveCfg = Release|Any CPU
		{C2FCE2B7-4922-4314-88EB-9F32DBD9BCA3}.Release_40|Any CPU.Build.0 = Release|Any CPU
		{C2FCE2B7-4922-4314-88EB-9F32DBD9BCA3}.Release_40|Mixed Platforms.ActiveCfg = Release|Any CPU
		{C2FCE2B7-4922-4314-88EB-9F32DBD9BCA3}.Release_40|Mixed Platforms.Build.0 = Release|Any CPU
		{C2FCE2B7-4922-4314-88EB-9F32DBD9BCA3}.Release_40|x86.ActiveCfg = Release|Any CPU
		{C2FCE2B7-4922-4314-88EB-9F32DBD9BCA3}.Release_40|x86.Build.0 = Release|Any CPU
		{C2FCE2B7-4922-4314-88EB-9F32DBD9BCA3}.Release_45|Any CPU.ActiveCfg = Release|Any CPU
		{C2FCE2B7-4922-4314-88EB-9F32DBD9BCA3}.Release_45|Any CPU.Build.0 = Release|Any CPU
		{C2FCE2B7-4922-4314-88EB-9F32DBD9BCA3}.Release_45|Mixed Platforms.ActiveCfg = Release|Any CPU
		{C2FCE2B7-4922-4314-88EB-9F32DBD9BCA3}.Release_45|Mixed Platforms.Build.0 = Release|Any CPU
		{C2FCE2B7-4922-4314-88EB-9F32DBD9BCA3}.Release_45|x86.ActiveCfg = Release|Any CPU
		{C2FCE2B7-4922-4314-88EB-9F32DBD9BCA3}.Release_45|x86.Build.0 = Release|Any CPU
		{C2FCE2B7-4922-4314-88EB-9F32DBD9BCA3}.Release_Mono_w_Linux|Any CPU.ActiveCfg = Release|Any CPU
		{C2FCE2B7-4922-4314-88EB-9F32DBD9BCA3}.Release_Mono_w_Linux|Any CPU.Build.0 = Release|Any CPU
		{C2FCE2B7-4922-4314-88EB-9F32DBD9BCA3}.Release_Mono_w_Linux|Mixed Platforms.ActiveCfg = Release|Any CPU
		{C2FCE2B7-4922-4314-88EB-9F32DBD9BCA3}.Release_Mono_w_Linux|Mixed Platforms.Build.0 = Release|Any CPU
		{C2FCE2B7-4922-4314-88EB-9F32DBD9BCA3}.Release_Mono_w_Linux|x86.ActiveCfg = Release|Any CPU
		{C2FCE2B7-4922-4314-88EB-9F32DBD9BCA3}.Release_Mono_w_Linux|x86.Build.0 = Release|Any CPU
		{C2FCE2B7-4922-4314-88EB-9F32DBD9BCA3}.Release|Any CPU.ActiveCfg = Release|Any CPU
		{C2FCE2B7-4922-4314-88EB-9F32DBD9BCA3}.Release|Any CPU.Build.0 = Release|Any CPU
		{C2FCE2B7-4922-4314-88EB-9F32DBD9BCA3}.Release|Mixed Platforms.ActiveCfg = Release|Any CPU
		{C2FCE2B7-4922-4314-88EB-9F32DBD9BCA3}.Release|Mixed Platforms.Build.0 = Release|Any CPU
		{C2FCE2B7-4922-4314-88EB-9F32DBD9BCA3}.Release|x86.ActiveCfg = Release|Any CPU
		{C2FCE2B7-4922-4314-88EB-9F32DBD9BCA3}.Release|x86.Build.0 = Release|Any CPU
		{C2FCE2B7-4922-4314-88EB-9F32DAD9BCA3}.Debug Release|Any CPU.ActiveCfg = Release|Any CPU
		{C2FCE2B7-4922-4314-88EB-9F32DAD9BCA3}.Debug Release|Any CPU.Build.0 = Release|Any CPU
		{C2FCE2B7-4922-4314-88EB-9F32DAD9BCA3}.Debug Release|Mixed Platforms.ActiveCfg = Release|Any CPU
		{C2FCE2B7-4922-4314-88EB-9F32DAD9BCA3}.Debug Release|Mixed Platforms.Build.0 = Release|Any CPU
		{C2FCE2B7-4922-4314-88EB-9F32DAD9BCA3}.Debug Release|x86.ActiveCfg = Release|Any CPU
		{C2FCE2B7-4922-4314-88EB-9F32DAD9BCA3}.Debug Release|x86.Build.0 = Release|Any CPU
		{C2FCE2B7-4922-4314-88EB-9F32DAD9BCA3}.Debug|Any CPU.ActiveCfg = Debug|Any CPU
		{C2FCE2B7-4922-4314-88EB-9F32DAD9BCA3}.Debug|Any CPU.Build.0 = Debug|Any CPU
		{C2FCE2B7-4922-4314-88EB-9F32DAD9BCA3}.Debug|Mixed Platforms.ActiveCfg = Debug|Any CPU
		{C2FCE2B7-4922-4314-88EB-9F32DAD9BCA3}.Debug|Mixed Platforms.Build.0 = Debug|Any CPU
		{C2FCE2B7-4922-4314-88EB-9F32DAD9BCA3}.Debug|x86.ActiveCfg = Debug|Any CPU
		{C2FCE2B7-4922-4314-88EB-9F32DAD9BCA3}.Debug|x86.Build.0 = Debug|Any CPU
		{C2FCE2B7-4922-4314-88EB-9F32DAD9BCA3}.Release_40|Any CPU.ActiveCfg = Release|Any CPU
		{C2FCE2B7-4922-4314-88EB-9F32DAD9BCA3}.Release_40|Any CPU.Build.0 = Release|Any CPU
		{C2FCE2B7-4922-4314-88EB-9F32DAD9BCA3}.Release_40|Mixed Platforms.ActiveCfg = Release|Any CPU
		{C2FCE2B7-4922-4314-88EB-9F32DAD9BCA3}.Release_40|Mixed Platforms.Build.0 = Release|Any CPU
		{C2FCE2B7-4922-4314-88EB-9F32DAD9BCA3}.Release_40|x86.ActiveCfg = Release|Any CPU
		{C2FCE2B7-4922-4314-88EB-9F32DAD9BCA3}.Release_40|x86.Build.0 = Release|Any CPU
		{C2FCE2B7-4922-4314-88EB-9F32DAD9BCA3}.Release_45|Any CPU.ActiveCfg = Release|Any CPU
		{C2FCE2B7-4922-4314-88EB-9F32DAD9BCA3}.Release_45|Any CPU.Build.0 = Release|Any CPU
		{C2FCE2B7-4922-4314-88EB-9F32DAD9BCA3}.Release_45|Mixed Platforms.ActiveCfg = Release|Any CPU
		{C2FCE2B7-4922-4314-88EB-9F32DAD9BCA3}.Release_45|Mixed Platforms.Build.0 = Release|Any CPU
		{C2FCE2B7-4922-4314-88EB-9F32DAD9BCA3}.Release_45|x86.ActiveCfg = Release|Any CPU
		{C2FCE2B7-4922-4314-88EB-9F32DAD9BCA3}.Release_45|x86.Build.0 = Release|Any CPU
		{C2FCE2B7-4922-4314-88EB-9F32DAD9BCA3}.Release_Mono_w_Linux|Any CPU.ActiveCfg = Release|Any CPU
		{C2FCE2B7-4922-4314-88EB-9F32DAD9BCA3}.Release_Mono_w_Linux|Any CPU.Build.0 = Release|Any CPU
		{C2FCE2B7-4922-4314-88EB-9F32DAD9BCA3}.Release_Mono_w_Linux|Mixed Platforms.ActiveCfg = Release|Any CPU
		{C2FCE2B7-4922-4314-88EB-9F32DAD9BCA3}.Release_Mono_w_Linux|Mixed Platforms.Build.0 = Release|Any CPU
		{C2FCE2B7-4922-4314-88EB-9F32DAD9BCA3}.Release_Mono_w_Linux|x86.ActiveCfg = Release|Any CPU
		{C2FCE2B7-4922-4314-88EB-9F32DAD9BCA3}.Release_Mono_w_Linux|x86.Build.0 = Release|Any CPU
		{C2FCE2B7-4922-4314-88EB-9F32DAD9BCA3}.Release|Any CPU.ActiveCfg = Release|Any CPU
		{C2FCE2B7-4922-4314-88EB-9F32DAD9BCA3}.Release|Any CPU.Build.0 = Release|Any CPU
		{C2FCE2B7-4922-4314-88EB-9F32DAD9BCA3}.Release|Mixed Platforms.ActiveCfg = Release|Any CPU
		{C2FCE2B7-4922-4314-88EB-9F32DAD9BCA3}.Release|Mixed Platforms.Build.0 = Release|Any CPU
		{C2FCE2B7-4922-4314-88EB-9F32DAD9BCA3}.Release|x86.ActiveCfg = Release|Any CPU
		{C2FCE2B7-4922-4314-88EB-9F32DAD9BCA3}.Release|x86.Build.0 = Release|Any CPU
		{DFAAC3E9-7D98-472F-B68F-753EEDC45807}.Debug Release|Any CPU.ActiveCfg = Release|Any CPU
		{DFAAC3E9-7D98-472F-B68F-753EEDC45807}.Debug Release|Any CPU.Build.0 = Release|Any CPU
		{DFAAC3E9-7D98-472F-B68F-753EEDC45807}.Debug Release|Mixed Platforms.ActiveCfg = Release|Any CPU
		{DFAAC3E9-7D98-472F-B68F-753EEDC45807}.Debug Release|Mixed Platforms.Build.0 = Release|Any CPU
		{DFAAC3E9-7D98-472F-B68F-753EEDC45807}.Debug Release|x86.ActiveCfg = Release|Any CPU
		{DFAAC3E9-7D98-472F-B68F-753EEDC45807}.Debug Release|x86.Build.0 = Release|Any CPU
		{DFAAC3E9-7D98-472F-B68F-753EEDC45807}.Debug|Any CPU.ActiveCfg = Debug|Any CPU
		{DFAAC3E9-7D98-472F-B68F-753EEDC45807}.Debug|Any CPU.Build.0 = Debug|Any CPU
		{DFAAC3E9-7D98-472F-B68F-753EEDC45807}.Debug|Mixed Platforms.ActiveCfg = Debug|Any CPU
		{DFAAC3E9-7D98-472F-B68F-753EEDC45807}.Debug|Mixed Platforms.Build.0 = Debug|Any CPU
		{DFAAC3E9-7D98-472F-B68F-753EEDC45807}.Debug|x86.ActiveCfg = Debug|Any CPU
		{DFAAC3E9-7D98-472F-B68F-753EEDC45807}.Debug|x86.Build.0 = Debug|Any CPU
		{DFAAC3E9-7D98-472F-B68F-753EEDC45807}.Release_40|Any CPU.ActiveCfg = Release|Any CPU
		{DFAAC3E9-7D98-472F-B68F-753EEDC45807}.Release_40|Any CPU.Build.0 = Release|Any CPU
		{DFAAC3E9-7D98-472F-B68F-753EEDC45807}.Release_40|Mixed Platforms.ActiveCfg = Release|Any CPU
		{DFAAC3E9-7D98-472F-B68F-753EEDC45807}.Release_40|Mixed Platforms.Build.0 = Release|Any CPU
		{DFAAC3E9-7D98-472F-B68F-753EEDC45807}.Release_40|x86.ActiveCfg = Release|Any CPU
		{DFAAC3E9-7D98-472F-B68F-753EEDC45807}.Release_40|x86.Build.0 = Release|Any CPU
		{DFAAC3E9-7D98-472F-B68F-753EEDC45807}.Release_45|Any CPU.ActiveCfg = Release|Any CPU
		{DFAAC3E9-7D98-472F-B68F-753EEDC45807}.Release_45|Any CPU.Build.0 = Release|Any CPU
		{DFAAC3E9-7D98-472F-B68F-753EEDC45807}.Release_45|Mixed Platforms.ActiveCfg = Release|Any CPU
		{DFAAC3E9-7D98-472F-B68F-753EEDC45807}.Release_45|Mixed Platforms.Build.0 = Release|Any CPU
		{DFAAC3E9-7D98-472F-B68F-753EEDC45807}.Release_45|x86.ActiveCfg = Release|Any CPU
		{DFAAC3E9-7D98-472F-B68F-753EEDC45807}.Release_45|x86.Build.0 = Release|Any CPU
		{DFAAC3E9-7D98-472F-B68F-753EEDC45807}.Release_Mono_w_Linux|Any CPU.ActiveCfg = Release|Any CPU
		{DFAAC3E9-7D98-472F-B68F-753EEDC45807}.Release_Mono_w_Linux|Any CPU.Build.0 = Release|Any CPU
		{DFAAC3E9-7D98-472F-B68F-753EEDC45807}.Release_Mono_w_Linux|Mixed Platforms.ActiveCfg = Release|Any CPU
		{DFAAC3E9-7D98-472F-B68F-753EEDC45807}.Release_Mono_w_Linux|Mixed Platforms.Build.0 = Release|Any CPU
		{DFAAC3E9-7D98-472F-B68F-753EEDC45807}.Release_Mono_w_Linux|x86.ActiveCfg = Release|Any CPU
		{DFAAC3E9-7D98-472F-B68F-753EEDC45807}.Release_Mono_w_Linux|x86.Build.0 = Release|Any CPU
		{DFAAC3E9-7D98-472F-B68F-753EEDC45807}.Release|Any CPU.ActiveCfg = Release|Any CPU
		{DFAAC3E9-7D98-472F-B68F-753EEDC45807}.Release|Any CPU.Build.0 = Release|Any CPU
		{DFAAC3E9-7D98-472F-B68F-753EEDC45807}.Release|Mixed Platforms.ActiveCfg = Release|Any CPU
		{DFAAC3E9-7D98-472F-B68F-753EEDC45807}.Release|Mixed Platforms.Build.0 = Release|Any CPU
		{DFAAC3E9-7D98-472F-B68F-753EEDC45807}.Release|x86.ActiveCfg = Release|Any CPU
		{DFAAC3E9-7D98-472F-B68F-753EEDC45807}.Release|x86.Build.0 = Release|Any CPU
		{7B620B38-0AF7-4EF6-AE15-9FC36609C2D7}.Debug Release|Any CPU.ActiveCfg = Release|Any CPU
		{7B620B38-0AF7-4EF6-AE15-9FC36609C2D7}.Debug Release|Any CPU.Build.0 = Release|Any CPU
		{7B620B38-0AF7-4EF6-AE15-9FC36609C2D7}.Debug Release|Mixed Platforms.ActiveCfg = Release|Any CPU
		{7B620B38-0AF7-4EF6-AE15-9FC36609C2D7}.Debug Release|Mixed Platforms.Build.0 = Release|Any CPU
		{7B620B38-0AF7-4EF6-AE15-9FC36609C2D7}.Debug Release|x86.ActiveCfg = Release|Any CPU
		{7B620B38-0AF7-4EF6-AE15-9FC36609C2D7}.Debug Release|x86.Build.0 = Release|Any CPU
		{7B620B38-0AF7-4EF6-AE15-9FC36609C2D7}.Debug|Any CPU.ActiveCfg = Debug|Any CPU
		{7B620B38-0AF7-4EF6-AE15-9FC36609C2D7}.Debug|Any CPU.Build.0 = Debug|Any CPU
		{7B620B38-0AF7-4EF6-AE15-9FC36609C2D7}.Debug|Mixed Platforms.ActiveCfg = Debug|Any CPU
		{7B620B38-0AF7-4EF6-AE15-9FC36609C2D7}.Debug|Mixed Platforms.Build.0 = Debug|Any CPU
		{7B620B38-0AF7-4EF6-AE15-9FC36609C2D7}.Debug|x86.ActiveCfg = Debug|Any CPU
		{7B620B38-0AF7-4EF6-AE15-9FC36609C2D7}.Debug|x86.Build.0 = Debug|Any CPU
		{7B620B38-0AF7-4EF6-AE15-9FC36609C2D7}.Release_40|Any CPU.ActiveCfg = Release|Any CPU
		{7B620B38-0AF7-4EF6-AE15-9FC36609C2D7}.Release_40|Any CPU.Build.0 = Release|Any CPU
		{7B620B38-0AF7-4EF6-AE15-9FC36609C2D7}.Release_40|Mixed Platforms.ActiveCfg = Release|Any CPU
		{7B620B38-0AF7-4EF6-AE15-9FC36609C2D7}.Release_40|Mixed Platforms.Build.0 = Release|Any CPU
		{7B620B38-0AF7-4EF6-AE15-9FC36609C2D7}.Release_40|x86.ActiveCfg = Release|Any CPU
		{7B620B38-0AF7-4EF6-AE15-9FC36609C2D7}.Release_40|x86.Build.0 = Release|Any CPU
		{7B620B38-0AF7-4EF6-AE15-9FC36609C2D7}.Release_45|Any CPU.ActiveCfg = Release|Any CPU
		{7B620B38-0AF7-4EF6-AE15-9FC36609C2D7}.Release_45|Any CPU.Build.0 = Release|Any CPU
		{7B620B38-0AF7-4EF6-AE15-9FC36609C2D7}.Release_45|Mixed Platforms.ActiveCfg = Release|Any CPU
		{7B620B38-0AF7-4EF6-AE15-9FC36609C2D7}.Release_45|Mixed Platforms.Build.0 = Release|Any CPU
		{7B620B38-0AF7-4EF6-AE15-9FC36609C2D7}.Release_45|x86.ActiveCfg = Release|Any CPU
		{7B620B38-0AF7-4EF6-AE15-9FC36609C2D7}.Release_45|x86.Build.0 = Release|Any CPU
		{7B620B38-0AF7-4EF6-AE15-9FC36609C2D7}.Release_Mono_w_Linux|Any CPU.ActiveCfg = Release|Any CPU
		{7B620B38-0AF7-4EF6-AE15-9FC36609C2D7}.Release_Mono_w_Linux|Any CPU.Build.0 = Release|Any CPU
		{7B620B38-0AF7-4EF6-AE15-9FC36609C2D7}.Release_Mono_w_Linux|Mixed Platforms.ActiveCfg = Release|Any CPU
		{7B620B38-0AF7-4EF6-AE15-9FC36609C2D7}.Release_Mono_w_Linux|Mixed Platforms.Build.0 = Release|Any CPU
		{7B620B38-0AF7-4EF6-AE15-9FC36609C2D7}.Release_Mono_w_Linux|x86.ActiveCfg = Release|Any CPU
		{7B620B38-0AF7-4EF6-AE15-9FC36609C2D7}.Release_Mono_w_Linux|x86.Build.0 = Release|Any CPU
		{7B620B38-0AF7-4EF6-AE15-9FC36609C2D7}.Release|Any CPU.ActiveCfg = Release|Any CPU
		{7B620B38-0AF7-4EF6-AE15-9FC36609C2D7}.Release|Any CPU.Build.0 = Release|Any CPU
		{7B620B38-0AF7-4EF6-AE15-9FC36609C2D7}.Release|Mixed Platforms.ActiveCfg = Release|Any CPU
		{7B620B38-0AF7-4EF6-AE15-9FC36609C2D7}.Release|Mixed Platforms.Build.0 = Release|Any CPU
		{7B620B38-0AF7-4EF6-AE15-9FC36609C2D7}.Release|x86.ActiveCfg = Release|Any CPU
		{7B620B38-0AF7-4EF6-AE15-9FC36609C2D7}.Release|x86.Build.0 = Release|Any CPU
	EndGlobalSection
	GlobalSection(SolutionProperties) = preSolution
		HideSolutionNode = FALSE
	EndGlobalSection
	GlobalSection(ExtensibilityGlobals) = postSolution
		SolutionGuid = {C6D8C3A2-7263-431A-945D-AC0448B6CA63}
	EndGlobalSection
EndGlobal
