
Microsoft Visual Studio Solution File, Format Version 12.00
# Visual Studio 15
VisualStudioVersion = 15.0.27130.2036
MinimumVisualStudioVersion = 10.0.40219.1
Project("{9A19103F-16F7-4668-BE54-9A1E7A4F7556}") = "Shifoo.Website.Global", "..\Shifoo.Website.Global\Shifoo.Website.Global.csproj", "{C626BFEC-9675-4AF1-A07B-6487CB817E49}"
EndProject
Project("{FAE04EC0-301F-11D3-BF4B-00C04F79EFBC}") = "Library", "..\..\Libraries\Library\Library.csproj", "{3444F493-5CBE-4D67-8BC9-1184E486C7E7}"
EndProject
Project("{9A19103F-16F7-4668-BE54-9A1E7A4F7556}") = "Shifoo.Systems.Website", "..\Shifoo.Systems.Website\Shifoo.Systems.Website.csproj", "{88FBA518-7100-4532-B9A5-FF40E7E6D48C}"
EndProject
Project("{9A19103F-16F7-4668-BE54-9A1E7A4F7556}") = "Website.Library.Core", "..\..\Libraries\Website.Library.Core\Website.Library.Core.csproj", "{D8298203-BCE4-4D72-A2D2-249932EE2F21}"
EndProject
Global
	GlobalSection(SolutionConfigurationPlatforms) = preSolution
		Debug Release|Any CPU = Debug Release|Any CPU
		Debug|Any CPU = Debug|Any CPU
		Release|Any CPU = Release|Any CPU
	EndGlobalSection
	GlobalSection(ProjectConfigurationPlatforms) = postSolution
		{C626BFEC-9675-4AF1-A07B-6487CB817E49}.Debug Release|Any CPU.ActiveCfg = Release|Any CPU
		{C626BFEC-9675-4AF1-A07B-6487CB817E49}.Debug Release|Any CPU.Build.0 = Release|Any CPU
		{C626BFEC-9675-4AF1-A07B-6487CB817E49}.Debug|Any CPU.ActiveCfg = Debug|Any CPU
		{C626BFEC-9675-4AF1-A07B-6487CB817E49}.Debug|Any CPU.Build.0 = Debug|Any CPU
		{C626BFEC-9675-4AF1-A07B-6487CB817E49}.Release|Any CPU.ActiveCfg = Release|Any CPU
		{C626BFEC-9675-4AF1-A07B-6487CB817E49}.Release|Any CPU.Build.0 = Release|Any CPU
		{3444F493-5CBE-4D67-8BC9-1184E486C7E7}.Debug Release|Any CPU.ActiveCfg = Debug Release|Any CPU
		{3444F493-5CBE-4D67-8BC9-1184E486C7E7}.Debug Release|Any CPU.Build.0 = Debug Release|Any CPU
		{3444F493-5CBE-4D67-8BC9-1184E486C7E7}.Debug|Any CPU.ActiveCfg = Debug|Any CPU
		{3444F493-5CBE-4D67-8BC9-1184E486C7E7}.Debug|Any CPU.Build.0 = Debug|Any CPU
		{3444F493-5CBE-4D67-8BC9-1184E486C7E7}.Release|Any CPU.ActiveCfg = Release|Any CPU
		{3444F493-5CBE-4D67-8BC9-1184E486C7E7}.Release|Any CPU.Build.0 = Release|Any CPU
		{88FBA518-7100-4532-B9A5-FF40E7E6D48C}.Debug Release|Any CPU.ActiveCfg = Release|Any CPU
		{88FBA518-7100-4532-B9A5-FF40E7E6D48C}.Debug Release|Any CPU.Build.0 = Release|Any CPU
		{88FBA518-7100-4532-B9A5-FF40E7E6D48C}.Debug|Any CPU.ActiveCfg = Debug|Any CPU
		{88FBA518-7100-4532-B9A5-FF40E7E6D48C}.Debug|Any CPU.Build.0 = Debug|Any CPU
		{88FBA518-7100-4532-B9A5-FF40E7E6D48C}.Release|Any CPU.ActiveCfg = Release|Any CPU
		{88FBA518-7100-4532-B9A5-FF40E7E6D48C}.Release|Any CPU.Build.0 = Release|Any CPU
		{D8298203-BCE4-4D72-A2D2-249932EE2F21}.Debug Release|Any CPU.ActiveCfg = Release|Any CPU
		{D8298203-BCE4-4D72-A2D2-249932EE2F21}.Debug Release|Any CPU.Build.0 = Release|Any CPU
		{D8298203-BCE4-4D72-A2D2-249932EE2F21}.Debug|Any CPU.ActiveCfg = Debug|Any CPU
		{D8298203-BCE4-4D72-A2D2-249932EE2F21}.Debug|Any CPU.Build.0 = Debug|Any CPU
		{D8298203-BCE4-4D72-A2D2-249932EE2F21}.Release|Any CPU.ActiveCfg = Release|Any CPU
		{D8298203-BCE4-4D72-A2D2-249932EE2F21}.Release|Any CPU.Build.0 = Release|Any CPU
	EndGlobalSection
	GlobalSection(SolutionProperties) = preSolution
		HideSolutionNode = FALSE
	EndGlobalSection
	GlobalSection(ExtensibilityGlobals) = postSolution
		SolutionGuid = {7F0D6D3F-597C-4DD8-AFE6-3D52726508B7}
	EndGlobalSection
EndGlobal
